
Microsoft Visual Studio Solution File, Format Version 12.00
# Visual Studio 15
VisualStudioVersion = 15.0.26730.3
MinimumVisualStudioVersion = 10.0.40219.1
Project("{8BC9CEB8-8B4A-11D0-8D11-00A0C91BC942}") = "auto", "auto\auto.vcxproj", "{A151C9B8-D40B-42CC-B87B-870A6993BFA6}"
EndProject
Project("{8BC9CEB8-8B4A-11D0-8D11-00A0C91BC942}") = "decltype", "decltype\decltype.vcxproj", "{D0C06472-8913-42E5-83EF-E862BC51173B}"
EndProject
Project("{8BC9CEB8-8B4A-11D0-8D11-00A0C91BC942}") = "range-based for", "range-based for\range-based for.vcxproj", "{422C565A-6E87-43E6-B13C-0C7C6C2F87DE}"
EndProject
Project("{8BC9CEB8-8B4A-11D0-8D11-00A0C91BC942}") = "initializer lists", "initializer lists\initializer lists.vcxproj", "{323393D6-927E-4553-8D74-A2CD9903587E}"
EndProject
Project("{8BC9CEB8-8B4A-11D0-8D11-00A0C91BC942}") = "uniform initialization", "uniform initialization\uniform initialization.vcxproj", "{027A1814-8EEB-4D33-9A59-4BF97F955D2D}"
EndProject
Project("{8BC9CEB8-8B4A-11D0-8D11-00A0C91BC942}") = "move semantics", "move semantics\move semantics.vcxproj", "{06313AC1-2134-4F7E-95F4-1820F567BD0E}"
EndProject
Project("{8BC9CEB8-8B4A-11D0-8D11-00A0C91BC942}") = "lambda expressions", "lambda expressions\lambda expressions.vcxproj", "{6AAB2579-FB42-46FD-8568-6E63AF470D35}"
EndProject
Project("{8BC9CEB8-8B4A-11D0-8D11-00A0C91BC942}") = "noexcept", "noexcept\noexcept.vcxproj", "{91E6996E-6B27-41AD-BB3E-EC04280B6BA2}"
EndProject
Project("{8BC9CEB8-8B4A-11D0-8D11-00A0C91BC942}") = "constexpr", "constexpr\constexpr.vcxproj", "{30314AC3-2A10-415A-81EA-43107800C818}"
EndProject
Project("{8BC9CEB8-8B4A-11D0-8D11-00A0C91BC942}") = "nullptr", "nullptr\nullptr.vcxproj", "{16ED5368-DE73-41A3-8B90-605AFCDFA573}"
EndProject
Project("{8BC9CEB8-8B4A-11D0-8D11-00A0C91BC942}") = "inline namespace", "inline namespace\inline namespace.vcxproj", "{8625878A-F8AA-4774-9BFF-D81DC62FC93F}"
EndProject
Project("{8BC9CEB8-8B4A-11D0-8D11-00A0C91BC942}") = "User-defined literals", "User-defined literals\User-defined literals.vcxproj", "{C709CFB0-16E5-405C-9B7F-4522CF44E6C3}"
EndProject
Project("{8BC9CEB8-8B4A-11D0-8D11-00A0C91BC942}") = "default delete keywords", "default delete keywords\default delete keywords.vcxproj", "{E8401355-B7E1-4D8C-88BB-E96F6A113CC8}"
EndProject
Project("{8BC9CEB8-8B4A-11D0-8D11-00A0C91BC942}") = "delegating constructors", "delegating constructors\delegating constructors.vcxproj", "{4B9D7609-8D85-4B51-BB46-F88E9F89B175}"
EndProject
Project("{8BC9CEB8-8B4A-11D0-8D11-00A0C91BC942}") = "Non-static data member initializers", "Non-static data member initializers\Non-static data member initializers.vcxproj", "{F4B369CF-DC56-415D-A746-B1B34FE7D700}"
EndProject
Project("{8BC9CEB8-8B4A-11D0-8D11-00A0C91BC942}") = "inheriting constructors", "inheriting constructors\inheriting constructors.vcxproj", "{7899BC7A-7171-411E-9B77-EC965FB9F446}"
EndProject
Project("{8BC9CEB8-8B4A-11D0-8D11-00A0C91BC942}") = "override final keywords", "override final keywords\override final keywords.vcxproj", "{C84DD116-90FF-4FAD-8C39-DC32533320B0}"
EndProject
Project("{8BC9CEB8-8B4A-11D0-8D11-00A0C91BC942}") = "overload", "overload\overload.vcxproj", "{435CBA4F-8094-4719-9EB6-A3D3CE0BC0DA}"
EndProject
Project("{8BC9CEB8-8B4A-11D0-8D11-00A0C91BC942}") = "Friend", "Friend\Friend.vcxproj", "{A26E3917-E73A-4ED6-8059-02302DB39DA8}"
EndProject
Project("{8BC9CEB8-8B4A-11D0-8D11-00A0C91BC942}") = "qualifier", "qualifier\qualifier.vcxproj", "{20A75552-AB43-4570-9C31-166409EC3150}"
EndProject
Project("{8BC9CEB8-8B4A-11D0-8D11-00A0C91BC942}") = "enum", "enum\enum.vcxproj", "{6D64AEF6-3963-4919-A12A-C23DFEEED5F8}"
EndProject
Project("{8BC9CEB8-8B4A-11D0-8D11-00A0C91BC942}") = "union", "union\union.vcxproj", "{850FC727-C665-49E4-BF75-9E80D13A1EFE}"
EndProject
Project("{8BC9CEB8-8B4A-11D0-8D11-00A0C91BC942}") = "Right Angle Brackets", "Right Angle Brackets\Right Angle Brackets.vcxproj", "{82D21474-DF38-440A-B447-AF4E96903D0E}"
EndProject
Project("{8BC9CEB8-8B4A-11D0-8D11-00A0C91BC942}") = "extern template", "extern template\extern template.vcxproj", "{353D69B7-25CB-464F-BFE9-E52E1A4F6403}"
EndProject
Project("{8BC9CEB8-8B4A-11D0-8D11-00A0C91BC942}") = "alias templates", "alias templates\alias templates.vcxproj", "{71222C45-5D68-4581-A1B8-6CF5E9664079}"
EndProject
Project("{8BC9CEB8-8B4A-11D0-8D11-00A0C91BC942}") = "variadic templates", "variadic templates\variadic templates.vcxproj", "{F21425BF-12EE-4056-8B4A-BE457BDC1A33}"
EndProject
Project("{8BC9CEB8-8B4A-11D0-8D11-00A0C91BC942}") = "Local and Unnamed Types as Template Arguments", "Local and Unnamed Types as Template Arguments\Local and Unnamed Types as Template Arguments.vcxproj", "{AF3DE8A7-303D-433F-BAC5-B89C54A67592}"
EndProject
Project("{8BC9CEB8-8B4A-11D0-8D11-00A0C91BC942}") = "SFINAE", "SFINAE\SFINAE.vcxproj", "{490D51DE-247B-4AA8-9AC5-C2CB400460DB}"
EndProject
Project("{8BC9CEB8-8B4A-11D0-8D11-00A0C91BC942}") = "thread local", "thread local\thread local.vcxproj", "{F92D16B7-945E-42F5-A928-3305BFC9D821}"
EndProject
Project("{8BC9CEB8-8B4A-11D0-8D11-00A0C91BC942}") = "Thread-safe static", "Thread-safe static\Thread-safe static.vcxproj", "{F370AFE9-884E-4D1E-988C-0D78B344CACB}"
EndProject
Project("{8BC9CEB8-8B4A-11D0-8D11-00A0C91BC942}") = "trailing return type", "trailing return type\trailing return type.vcxproj", "{3FFFADC6-5C13-453A-B89D-A99897867E67}"
EndProject
Project("{8BC9CEB8-8B4A-11D0-8D11-00A0C91BC942}") = "static assert", "static assert\static assert.vcxproj", "{5A4F3A62-6003-4A7A-ACE7-128FB9821751}"
EndProject
Project("{8BC9CEB8-8B4A-11D0-8D11-00A0C91BC942}") = "Raw string literals", "Raw string literals\Raw string literals.vcxproj", "{38B2BEB1-1598-4A45-A0E6-43399D1462D6}"
EndProject
Project("{8BC9CEB8-8B4A-11D0-8D11-00A0C91BC942}") = "char16_t char32_t", "char16_t char32_t\char16_t char32_t.vcxproj", "{C7F40729-32CD-43C0-A191-43F60070C82D}"
EndProject
Project("{8BC9CEB8-8B4A-11D0-8D11-00A0C91BC942}") = "UTF-8 string literal", "UTF-8 string literal\UTF-8 string literal.vcxproj", "{DD26CEF6-0131-435F-85BD-D974FD0ABA04}"
EndProject
Project("{8BC9CEB8-8B4A-11D0-8D11-00A0C91BC942}") = "attributes", "attributes\attributes.vcxproj", "{5CDAC90D-8F7A-48C7-9048-9F8EA871C913}"
EndProject
Project("{8BC9CEB8-8B4A-11D0-8D11-00A0C91BC942}") = "alignas", "alignas\alignas.vcxproj", "{038E5E0A-A352-4240-B8A3-47396E8A658C}"
EndProject
Project("{8BC9CEB8-8B4A-11D0-8D11-00A0C91BC942}") = "alignof", "alignof\alignof.vcxproj", "{30BB6D2D-F657-446B-93A6-DB750FDCA71F}"
EndProject
Project("{8BC9CEB8-8B4A-11D0-8D11-00A0C91BC942}") = "std array", "std array\std array.vcxproj", "{A4216893-6616-4A34-918B-477DB8864F12}"
EndProject
Project("{8BC9CEB8-8B4A-11D0-8D11-00A0C91BC942}") = "std forward_list", "std forward_list\std forward_list.vcxproj", "{7D692D4D-BD48-463A-AB1B-FA95A65668CA}"
EndProject
Project("{8BC9CEB8-8B4A-11D0-8D11-00A0C91BC942}") = "std unordered_map", "std unordered_map\std unordered_map.vcxproj", "{5628DE57-AEF4-4C9E-B48D-860E1EF1C73F}"
EndProject
Project("{8BC9CEB8-8B4A-11D0-8D11-00A0C91BC942}") = "std unordered_set", "std unordered_set\std unordered_set.vcxproj", "{6C07E018-D67C-4B34-B9FA-920441D6D3CA}"
EndProject
Project("{8BC9CEB8-8B4A-11D0-8D11-00A0C91BC942}") = "std initializer_list", "std initializer_list\std initializer_list.vcxproj", "{67DEE241-71CE-436C-B720-1F1A2EA478B0}"
EndProject
Project("{8BC9CEB8-8B4A-11D0-8D11-00A0C91BC942}") = "std type_index", "std type_index\std type_index.vcxproj", "{8858C94B-BC67-4971-9509-8E4DC0FBE0AB}"
EndProject
Project("{8BC9CEB8-8B4A-11D0-8D11-00A0C91BC942}") = "std next", "std next\std next.vcxproj", "{1F4008D8-B56A-4D6E-AA3A-DCE2C2298569}"
EndProject
Project("{8BC9CEB8-8B4A-11D0-8D11-00A0C91BC942}") = "std prev", "std prev\std prev.vcxproj", "{466F517C-1880-44DF-A639-357731C3899F}"
EndProject
Project("{8BC9CEB8-8B4A-11D0-8D11-00A0C91BC942}") = "std move_iterator", "std move_iterator\std move_iterator.vcxproj", "{6BBC8281-64CB-432E-B9D4-766EABC58E55}"
EndProject
Project("{8BC9CEB8-8B4A-11D0-8D11-00A0C91BC942}") = "std begin", "std begin\std begin.vcxproj", "{44BE9629-DA03-4BB4-9F59-60460F93B3BE}"
EndProject
Project("{8BC9CEB8-8B4A-11D0-8D11-00A0C91BC942}") = "std end", "std end\std end.vcxproj", "{AEABBF0B-1F75-4790-8E40-573BF7B1562F}"
EndProject
Project("{8BC9CEB8-8B4A-11D0-8D11-00A0C91BC942}") = "std all_of", "std all_of\std all_of.vcxproj", "{AED68352-E37D-4881-820C-0D8C722DF85B}"
EndProject
Project("{8BC9CEB8-8B4A-11D0-8D11-00A0C91BC942}") = "std any_of", "std any_of\std any_of.vcxproj", "{DA760692-8F77-4C50-A736-FD534E33DEE4}"
EndProject
Project("{8BC9CEB8-8B4A-11D0-8D11-00A0C91BC942}") = "std none_of", "std none_of\std none_of.vcxproj", "{426DD490-A500-473E-B991-2E7CE8D1C63C}"
EndProject
Project("{8BC9CEB8-8B4A-11D0-8D11-00A0C91BC942}") = "std find_if_not", "std find_if_not\std find_if_not.vcxproj", "{BCC38378-2099-4629-A45D-C0BF7202A4E1}"
EndProject
Project("{8BC9CEB8-8B4A-11D0-8D11-00A0C91BC942}") = "std copy_n", "std copy_n\std copy_n.vcxproj", "{0EC4D5FB-05DC-4B24-87EE-3BB23BD960A5}"
EndProject
Project("{8BC9CEB8-8B4A-11D0-8D11-00A0C91BC942}") = "std copy_if", "std copy_if\std copy_if.vcxproj", "{6BD3D4AF-9257-4282-BA85-9089DD22584D}"
EndProject
Project("{8BC9CEB8-8B4A-11D0-8D11-00A0C91BC942}") = "std move", "std move\std move.vcxproj", "{4E048905-D5C6-4CDD-ADF7-5CA87F2EE91B}"
EndProject
Project("{8BC9CEB8-8B4A-11D0-8D11-00A0C91BC942}") = "std move_backward", "std move_backward\std move_backward.vcxproj", "{4C41C3CE-0ECD-4CC1-81FE-03235206278E}"
EndProject
Project("{8BC9CEB8-8B4A-11D0-8D11-00A0C91BC942}") = "std shuffle", "std shuffle\std shuffle.vcxproj", "{FBBB9BDB-0E2B-41B2-A34A-A655699DC5BF}"
EndProject
Project("{8BC9CEB8-8B4A-11D0-8D11-00A0C91BC942}") = "std is_sorted", "std is_sorted\std is_sorted.vcxproj", "{577E7942-0335-471F-A205-E6C25131ABE0}"
EndProject
Project("{8BC9CEB8-8B4A-11D0-8D11-00A0C91BC942}") = "std min", "std min\std min.vcxproj", "{BE15DB2C-0467-4D0B-816F-BA06BEE644F0}"
EndProject
Project("{8BC9CEB8-8B4A-11D0-8D11-00A0C91BC942}") = "std allocator_traits", "std allocator_traits\std allocator_traits.vcxproj", "{73CDD070-FC1D-419C-8A3A-9F01EA4CCF89}"
EndProject
Project("{8BC9CEB8-8B4A-11D0-8D11-00A0C91BC942}") = "std shared_ptr", "std shared_ptr\std shared_ptr.vcxproj", "{698B9890-ABF5-4F3C-B789-BC63A2CCD80C}"
EndProject
Project("{8BC9CEB8-8B4A-11D0-8D11-00A0C91BC942}") = "std unique_ptr", "std unique_ptr\std unique_ptr.vcxproj", "{780AFE9D-742F-453B-AA3A-DC6DB490861F}"
EndProject
Project("{8BC9CEB8-8B4A-11D0-8D11-00A0C91BC942}") = "std addressof", "std addressof\std addressof.vcxproj", "{F8EE30DB-9F2E-4CD2-A71D-74CB944898CF}"
EndProject
Project("{8BC9CEB8-8B4A-11D0-8D11-00A0C91BC942}") = "std function", "std function\std function.vcxproj", "{0DD0EE34-47AA-4C64-9A97-5A763105A73C}"
EndProject
Project("{8BC9CEB8-8B4A-11D0-8D11-00A0C91BC942}") = "std bind", "std bind\std bind.vcxproj", "{AF4F2233-2E75-4445-A5B3-550B7DC88703}"
EndProject
Project("{8BC9CEB8-8B4A-11D0-8D11-00A0C91BC942}") = "std mem_fn", "std mem_fn\std mem_fn.vcxproj", "{3EFB550A-A483-4B4B-8C3D-F66DFE6F2CFD}"
EndProject
Project("{8BC9CEB8-8B4A-11D0-8D11-00A0C91BC942}") = "std hash", "std hash\std hash.vcxproj", "{D6667CF7-D43D-4858-80A4-E5FF73535874}"
EndProject
Project("{8BC9CEB8-8B4A-11D0-8D11-00A0C91BC942}") = "std thread", "std thread\std thread.vcxproj", "{278EA52A-F960-4D71-85CE-8A0069E9C0CA}"
EndProject
Project("{8BC9CEB8-8B4A-11D0-8D11-00A0C91BC942}") = "std mutex", "std mutex\std mutex.vcxproj", "{7F6AA3C5-952A-4335-A5B6-3F07A14807AD}"
EndProject
Project("{8BC9CEB8-8B4A-11D0-8D11-00A0C91BC942}") = "std recursive_mutex", "std recursive_mutex\std recursive_mutex.vcxproj", "{6A43AEC8-0A73-4DC6-A92C-178E782D6086}"
EndProject
Project("{8BC9CEB8-8B4A-11D0-8D11-00A0C91BC942}") = "std lock_guard", "std lock_guard\std lock_guard.vcxproj", "{365AD530-A1A2-4E49-A221-19FB041495DC}"
EndProject
Project("{8BC9CEB8-8B4A-11D0-8D11-00A0C91BC942}") = "std unique_lock", "std unique_lock\std unique_lock.vcxproj", "{33F8874A-9D36-4831-863F-E9723E8701E3}"
EndProject
Project("{8BC9CEB8-8B4A-11D0-8D11-00A0C91BC942}") = "std call_once", "std call_once\std call_once.vcxproj", "{B18771B7-009B-4EE1-9C8E-21CADE93051A}"
EndProject
Project("{8BC9CEB8-8B4A-11D0-8D11-00A0C91BC942}") = "std condition_variable", "std condition_variable\std condition_variable.vcxproj", "{0388C515-52FA-404B-8112-D2129A597FC9}"
EndProject
Global
	GlobalSection(SolutionConfigurationPlatforms) = preSolution
		Debug|x64 = Debug|x64
		Debug|x86 = Debug|x86
		Release|x64 = Release|x64
		Release|x86 = Release|x86
	EndGlobalSection
	GlobalSection(ProjectConfigurationPlatforms) = postSolution
		{A151C9B8-D40B-42CC-B87B-870A6993BFA6}.Debug|x64.ActiveCfg = Debug|x64
		{A151C9B8-D40B-42CC-B87B-870A6993BFA6}.Debug|x64.Build.0 = Debug|x64
		{A151C9B8-D40B-42CC-B87B-870A6993BFA6}.Debug|x86.ActiveCfg = Debug|Win32
		{A151C9B8-D40B-42CC-B87B-870A6993BFA6}.Debug|x86.Build.0 = Debug|Win32
		{A151C9B8-D40B-42CC-B87B-870A6993BFA6}.Release|x64.ActiveCfg = Release|x64
		{A151C9B8-D40B-42CC-B87B-870A6993BFA6}.Release|x64.Build.0 = Release|x64
		{A151C9B8-D40B-42CC-B87B-870A6993BFA6}.Release|x86.ActiveCfg = Release|Win32
		{A151C9B8-D40B-42CC-B87B-870A6993BFA6}.Release|x86.Build.0 = Release|Win32
		{D0C06472-8913-42E5-83EF-E862BC51173B}.Debug|x64.ActiveCfg = Debug|x64
		{D0C06472-8913-42E5-83EF-E862BC51173B}.Debug|x64.Build.0 = Debug|x64
		{D0C06472-8913-42E5-83EF-E862BC51173B}.Debug|x86.ActiveCfg = Debug|Win32
		{D0C06472-8913-42E5-83EF-E862BC51173B}.Debug|x86.Build.0 = Debug|Win32
		{D0C06472-8913-42E5-83EF-E862BC51173B}.Release|x64.ActiveCfg = Release|x64
		{D0C06472-8913-42E5-83EF-E862BC51173B}.Release|x64.Build.0 = Release|x64
		{D0C06472-8913-42E5-83EF-E862BC51173B}.Release|x86.ActiveCfg = Release|Win32
		{D0C06472-8913-42E5-83EF-E862BC51173B}.Release|x86.Build.0 = Release|Win32
		{422C565A-6E87-43E6-B13C-0C7C6C2F87DE}.Debug|x64.ActiveCfg = Debug|x64
		{422C565A-6E87-43E6-B13C-0C7C6C2F87DE}.Debug|x64.Build.0 = Debug|x64
		{422C565A-6E87-43E6-B13C-0C7C6C2F87DE}.Debug|x86.ActiveCfg = Debug|Win32
		{422C565A-6E87-43E6-B13C-0C7C6C2F87DE}.Debug|x86.Build.0 = Debug|Win32
		{422C565A-6E87-43E6-B13C-0C7C6C2F87DE}.Release|x64.ActiveCfg = Release|x64
		{422C565A-6E87-43E6-B13C-0C7C6C2F87DE}.Release|x64.Build.0 = Release|x64
		{422C565A-6E87-43E6-B13C-0C7C6C2F87DE}.Release|x86.ActiveCfg = Release|Win32
		{422C565A-6E87-43E6-B13C-0C7C6C2F87DE}.Release|x86.Build.0 = Release|Win32
		{323393D6-927E-4553-8D74-A2CD9903587E}.Debug|x64.ActiveCfg = Debug|x64
		{323393D6-927E-4553-8D74-A2CD9903587E}.Debug|x64.Build.0 = Debug|x64
		{323393D6-927E-4553-8D74-A2CD9903587E}.Debug|x86.ActiveCfg = Debug|Win32
		{323393D6-927E-4553-8D74-A2CD9903587E}.Debug|x86.Build.0 = Debug|Win32
		{323393D6-927E-4553-8D74-A2CD9903587E}.Release|x64.ActiveCfg = Release|x64
		{323393D6-927E-4553-8D74-A2CD9903587E}.Release|x64.Build.0 = Release|x64
		{323393D6-927E-4553-8D74-A2CD9903587E}.Release|x86.ActiveCfg = Release|Win32
		{323393D6-927E-4553-8D74-A2CD9903587E}.Release|x86.Build.0 = Release|Win32
		{027A1814-8EEB-4D33-9A59-4BF97F955D2D}.Debug|x64.ActiveCfg = Debug|x64
		{027A1814-8EEB-4D33-9A59-4BF97F955D2D}.Debug|x64.Build.0 = Debug|x64
		{027A1814-8EEB-4D33-9A59-4BF97F955D2D}.Debug|x86.ActiveCfg = Debug|Win32
		{027A1814-8EEB-4D33-9A59-4BF97F955D2D}.Debug|x86.Build.0 = Debug|Win32
		{027A1814-8EEB-4D33-9A59-4BF97F955D2D}.Release|x64.ActiveCfg = Release|x64
		{027A1814-8EEB-4D33-9A59-4BF97F955D2D}.Release|x64.Build.0 = Release|x64
		{027A1814-8EEB-4D33-9A59-4BF97F955D2D}.Release|x86.ActiveCfg = Release|Win32
		{027A1814-8EEB-4D33-9A59-4BF97F955D2D}.Release|x86.Build.0 = Release|Win32
		{06313AC1-2134-4F7E-95F4-1820F567BD0E}.Debug|x64.ActiveCfg = Debug|x64
		{06313AC1-2134-4F7E-95F4-1820F567BD0E}.Debug|x64.Build.0 = Debug|x64
		{06313AC1-2134-4F7E-95F4-1820F567BD0E}.Debug|x86.ActiveCfg = Debug|Win32
		{06313AC1-2134-4F7E-95F4-1820F567BD0E}.Debug|x86.Build.0 = Debug|Win32
		{06313AC1-2134-4F7E-95F4-1820F567BD0E}.Release|x64.ActiveCfg = Release|x64
		{06313AC1-2134-4F7E-95F4-1820F567BD0E}.Release|x64.Build.0 = Release|x64
		{06313AC1-2134-4F7E-95F4-1820F567BD0E}.Release|x86.ActiveCfg = Release|Win32
		{06313AC1-2134-4F7E-95F4-1820F567BD0E}.Release|x86.Build.0 = Release|Win32
		{6AAB2579-FB42-46FD-8568-6E63AF470D35}.Debug|x64.ActiveCfg = Debug|x64
		{6AAB2579-FB42-46FD-8568-6E63AF470D35}.Debug|x64.Build.0 = Debug|x64
		{6AAB2579-FB42-46FD-8568-6E63AF470D35}.Debug|x86.ActiveCfg = Debug|Win32
		{6AAB2579-FB42-46FD-8568-6E63AF470D35}.Debug|x86.Build.0 = Debug|Win32
		{6AAB2579-FB42-46FD-8568-6E63AF470D35}.Release|x64.ActiveCfg = Release|x64
		{6AAB2579-FB42-46FD-8568-6E63AF470D35}.Release|x64.Build.0 = Release|x64
		{6AAB2579-FB42-46FD-8568-6E63AF470D35}.Release|x86.ActiveCfg = Release|Win32
		{6AAB2579-FB42-46FD-8568-6E63AF470D35}.Release|x86.Build.0 = Release|Win32
		{91E6996E-6B27-41AD-BB3E-EC04280B6BA2}.Debug|x64.ActiveCfg = Debug|x64
		{91E6996E-6B27-41AD-BB3E-EC04280B6BA2}.Debug|x64.Build.0 = Debug|x64
		{91E6996E-6B27-41AD-BB3E-EC04280B6BA2}.Debug|x86.ActiveCfg = Debug|Win32
		{91E6996E-6B27-41AD-BB3E-EC04280B6BA2}.Debug|x86.Build.0 = Debug|Win32
		{91E6996E-6B27-41AD-BB3E-EC04280B6BA2}.Release|x64.ActiveCfg = Release|x64
		{91E6996E-6B27-41AD-BB3E-EC04280B6BA2}.Release|x64.Build.0 = Release|x64
		{91E6996E-6B27-41AD-BB3E-EC04280B6BA2}.Release|x86.ActiveCfg = Release|Win32
		{91E6996E-6B27-41AD-BB3E-EC04280B6BA2}.Release|x86.Build.0 = Release|Win32
		{30314AC3-2A10-415A-81EA-43107800C818}.Debug|x64.ActiveCfg = Debug|x64
		{30314AC3-2A10-415A-81EA-43107800C818}.Debug|x64.Build.0 = Debug|x64
		{30314AC3-2A10-415A-81EA-43107800C818}.Debug|x86.ActiveCfg = Debug|Win32
		{30314AC3-2A10-415A-81EA-43107800C818}.Debug|x86.Build.0 = Debug|Win32
		{30314AC3-2A10-415A-81EA-43107800C818}.Release|x64.ActiveCfg = Release|x64
		{30314AC3-2A10-415A-81EA-43107800C818}.Release|x64.Build.0 = Release|x64
		{30314AC3-2A10-415A-81EA-43107800C818}.Release|x86.ActiveCfg = Release|Win32
		{30314AC3-2A10-415A-81EA-43107800C818}.Release|x86.Build.0 = Release|Win32
		{16ED5368-DE73-41A3-8B90-605AFCDFA573}.Debug|x64.ActiveCfg = Debug|x64
		{16ED5368-DE73-41A3-8B90-605AFCDFA573}.Debug|x64.Build.0 = Debug|x64
		{16ED5368-DE73-41A3-8B90-605AFCDFA573}.Debug|x86.ActiveCfg = Debug|Win32
		{16ED5368-DE73-41A3-8B90-605AFCDFA573}.Debug|x86.Build.0 = Debug|Win32
		{16ED5368-DE73-41A3-8B90-605AFCDFA573}.Release|x64.ActiveCfg = Release|x64
		{16ED5368-DE73-41A3-8B90-605AFCDFA573}.Release|x64.Build.0 = Release|x64
		{16ED5368-DE73-41A3-8B90-605AFCDFA573}.Release|x86.ActiveCfg = Release|Win32
		{16ED5368-DE73-41A3-8B90-605AFCDFA573}.Release|x86.Build.0 = Release|Win32
		{8625878A-F8AA-4774-9BFF-D81DC62FC93F}.Debug|x64.ActiveCfg = Debug|x64
		{8625878A-F8AA-4774-9BFF-D81DC62FC93F}.Debug|x64.Build.0 = Debug|x64
		{8625878A-F8AA-4774-9BFF-D81DC62FC93F}.Debug|x86.ActiveCfg = Debug|Win32
		{8625878A-F8AA-4774-9BFF-D81DC62FC93F}.Debug|x86.Build.0 = Debug|Win32
		{8625878A-F8AA-4774-9BFF-D81DC62FC93F}.Release|x64.ActiveCfg = Release|x64
		{8625878A-F8AA-4774-9BFF-D81DC62FC93F}.Release|x64.Build.0 = Release|x64
		{8625878A-F8AA-4774-9BFF-D81DC62FC93F}.Release|x86.ActiveCfg = Release|Win32
		{8625878A-F8AA-4774-9BFF-D81DC62FC93F}.Release|x86.Build.0 = Release|Win32
		{C709CFB0-16E5-405C-9B7F-4522CF44E6C3}.Debug|x64.ActiveCfg = Debug|x64
		{C709CFB0-16E5-405C-9B7F-4522CF44E6C3}.Debug|x64.Build.0 = Debug|x64
		{C709CFB0-16E5-405C-9B7F-4522CF44E6C3}.Debug|x86.ActiveCfg = Debug|Win32
		{C709CFB0-16E5-405C-9B7F-4522CF44E6C3}.Debug|x86.Build.0 = Debug|Win32
		{C709CFB0-16E5-405C-9B7F-4522CF44E6C3}.Release|x64.ActiveCfg = Release|x64
		{C709CFB0-16E5-405C-9B7F-4522CF44E6C3}.Release|x64.Build.0 = Release|x64
		{C709CFB0-16E5-405C-9B7F-4522CF44E6C3}.Release|x86.ActiveCfg = Release|Win32
		{C709CFB0-16E5-405C-9B7F-4522CF44E6C3}.Release|x86.Build.0 = Release|Win32
		{E8401355-B7E1-4D8C-88BB-E96F6A113CC8}.Debug|x64.ActiveCfg = Debug|x64
		{E8401355-B7E1-4D8C-88BB-E96F6A113CC8}.Debug|x64.Build.0 = Debug|x64
		{E8401355-B7E1-4D8C-88BB-E96F6A113CC8}.Debug|x86.ActiveCfg = Debug|Win32
		{E8401355-B7E1-4D8C-88BB-E96F6A113CC8}.Debug|x86.Build.0 = Debug|Win32
		{E8401355-B7E1-4D8C-88BB-E96F6A113CC8}.Release|x64.ActiveCfg = Release|x64
		{E8401355-B7E1-4D8C-88BB-E96F6A113CC8}.Release|x64.Build.0 = Release|x64
		{E8401355-B7E1-4D8C-88BB-E96F6A113CC8}.Release|x86.ActiveCfg = Release|Win32
		{E8401355-B7E1-4D8C-88BB-E96F6A113CC8}.Release|x86.Build.0 = Release|Win32
		{4B9D7609-8D85-4B51-BB46-F88E9F89B175}.Debug|x64.ActiveCfg = Debug|x64
		{4B9D7609-8D85-4B51-BB46-F88E9F89B175}.Debug|x64.Build.0 = Debug|x64
		{4B9D7609-8D85-4B51-BB46-F88E9F89B175}.Debug|x86.ActiveCfg = Debug|Win32
		{4B9D7609-8D85-4B51-BB46-F88E9F89B175}.Debug|x86.Build.0 = Debug|Win32
		{4B9D7609-8D85-4B51-BB46-F88E9F89B175}.Release|x64.ActiveCfg = Release|x64
		{4B9D7609-8D85-4B51-BB46-F88E9F89B175}.Release|x64.Build.0 = Release|x64
		{4B9D7609-8D85-4B51-BB46-F88E9F89B175}.Release|x86.ActiveCfg = Release|Win32
		{4B9D7609-8D85-4B51-BB46-F88E9F89B175}.Release|x86.Build.0 = Release|Win32
		{F4B369CF-DC56-415D-A746-B1B34FE7D700}.Debug|x64.ActiveCfg = Debug|x64
		{F4B369CF-DC56-415D-A746-B1B34FE7D700}.Debug|x64.Build.0 = Debug|x64
		{F4B369CF-DC56-415D-A746-B1B34FE7D700}.Debug|x86.ActiveCfg = Debug|Win32
		{F4B369CF-DC56-415D-A746-B1B34FE7D700}.Debug|x86.Build.0 = Debug|Win32
		{F4B369CF-DC56-415D-A746-B1B34FE7D700}.Release|x64.ActiveCfg = Release|x64
		{F4B369CF-DC56-415D-A746-B1B34FE7D700}.Release|x64.Build.0 = Release|x64
		{F4B369CF-DC56-415D-A746-B1B34FE7D700}.Release|x86.ActiveCfg = Release|Win32
		{F4B369CF-DC56-415D-A746-B1B34FE7D700}.Release|x86.Build.0 = Release|Win32
		{7899BC7A-7171-411E-9B77-EC965FB9F446}.Debug|x64.ActiveCfg = Debug|x64
		{7899BC7A-7171-411E-9B77-EC965FB9F446}.Debug|x64.Build.0 = Debug|x64
		{7899BC7A-7171-411E-9B77-EC965FB9F446}.Debug|x86.ActiveCfg = Debug|Win32
		{7899BC7A-7171-411E-9B77-EC965FB9F446}.Debug|x86.Build.0 = Debug|Win32
		{7899BC7A-7171-411E-9B77-EC965FB9F446}.Release|x64.ActiveCfg = Release|x64
		{7899BC7A-7171-411E-9B77-EC965FB9F446}.Release|x64.Build.0 = Release|x64
		{7899BC7A-7171-411E-9B77-EC965FB9F446}.Release|x86.ActiveCfg = Release|Win32
		{7899BC7A-7171-411E-9B77-EC965FB9F446}.Release|x86.Build.0 = Release|Win32
		{C84DD116-90FF-4FAD-8C39-DC32533320B0}.Debug|x64.ActiveCfg = Debug|x64
		{C84DD116-90FF-4FAD-8C39-DC32533320B0}.Debug|x64.Build.0 = Debug|x64
		{C84DD116-90FF-4FAD-8C39-DC32533320B0}.Debug|x86.ActiveCfg = Debug|Win32
		{C84DD116-90FF-4FAD-8C39-DC32533320B0}.Debug|x86.Build.0 = Debug|Win32
		{C84DD116-90FF-4FAD-8C39-DC32533320B0}.Release|x64.ActiveCfg = Release|x64
		{C84DD116-90FF-4FAD-8C39-DC32533320B0}.Release|x64.Build.0 = Release|x64
		{C84DD116-90FF-4FAD-8C39-DC32533320B0}.Release|x86.ActiveCfg = Release|Win32
		{C84DD116-90FF-4FAD-8C39-DC32533320B0}.Release|x86.Build.0 = Release|Win32
		{435CBA4F-8094-4719-9EB6-A3D3CE0BC0DA}.Debug|x64.ActiveCfg = Debug|x64
		{435CBA4F-8094-4719-9EB6-A3D3CE0BC0DA}.Debug|x64.Build.0 = Debug|x64
		{435CBA4F-8094-4719-9EB6-A3D3CE0BC0DA}.Debug|x86.ActiveCfg = Debug|Win32
		{435CBA4F-8094-4719-9EB6-A3D3CE0BC0DA}.Debug|x86.Build.0 = Debug|Win32
		{435CBA4F-8094-4719-9EB6-A3D3CE0BC0DA}.Release|x64.ActiveCfg = Release|x64
		{435CBA4F-8094-4719-9EB6-A3D3CE0BC0DA}.Release|x64.Build.0 = Release|x64
		{435CBA4F-8094-4719-9EB6-A3D3CE0BC0DA}.Release|x86.ActiveCfg = Release|Win32
		{435CBA4F-8094-4719-9EB6-A3D3CE0BC0DA}.Release|x86.Build.0 = Release|Win32
		{A26E3917-E73A-4ED6-8059-02302DB39DA8}.Debug|x64.ActiveCfg = Debug|x64
		{A26E3917-E73A-4ED6-8059-02302DB39DA8}.Debug|x64.Build.0 = Debug|x64
		{A26E3917-E73A-4ED6-8059-02302DB39DA8}.Debug|x86.ActiveCfg = Debug|Win32
		{A26E3917-E73A-4ED6-8059-02302DB39DA8}.Debug|x86.Build.0 = Debug|Win32
		{A26E3917-E73A-4ED6-8059-02302DB39DA8}.Release|x64.ActiveCfg = Release|x64
		{A26E3917-E73A-4ED6-8059-02302DB39DA8}.Release|x64.Build.0 = Release|x64
		{A26E3917-E73A-4ED6-8059-02302DB39DA8}.Release|x86.ActiveCfg = Release|Win32
		{A26E3917-E73A-4ED6-8059-02302DB39DA8}.Release|x86.Build.0 = Release|Win32
		{20A75552-AB43-4570-9C31-166409EC3150}.Debug|x64.ActiveCfg = Debug|x64
		{20A75552-AB43-4570-9C31-166409EC3150}.Debug|x64.Build.0 = Debug|x64
		{20A75552-AB43-4570-9C31-166409EC3150}.Debug|x86.ActiveCfg = Debug|Win32
		{20A75552-AB43-4570-9C31-166409EC3150}.Debug|x86.Build.0 = Debug|Win32
		{20A75552-AB43-4570-9C31-166409EC3150}.Release|x64.ActiveCfg = Release|x64
		{20A75552-AB43-4570-9C31-166409EC3150}.Release|x64.Build.0 = Release|x64
		{20A75552-AB43-4570-9C31-166409EC3150}.Release|x86.ActiveCfg = Release|Win32
		{20A75552-AB43-4570-9C31-166409EC3150}.Release|x86.Build.0 = Release|Win32
		{6D64AEF6-3963-4919-A12A-C23DFEEED5F8}.Debug|x64.ActiveCfg = Debug|x64
		{6D64AEF6-3963-4919-A12A-C23DFEEED5F8}.Debug|x64.Build.0 = Debug|x64
		{6D64AEF6-3963-4919-A12A-C23DFEEED5F8}.Debug|x86.ActiveCfg = Debug|Win32
		{6D64AEF6-3963-4919-A12A-C23DFEEED5F8}.Debug|x86.Build.0 = Debug|Win32
		{6D64AEF6-3963-4919-A12A-C23DFEEED5F8}.Release|x64.ActiveCfg = Release|x64
		{6D64AEF6-3963-4919-A12A-C23DFEEED5F8}.Release|x64.Build.0 = Release|x64
		{6D64AEF6-3963-4919-A12A-C23DFEEED5F8}.Release|x86.ActiveCfg = Release|Win32
		{6D64AEF6-3963-4919-A12A-C23DFEEED5F8}.Release|x86.Build.0 = Release|Win32
		{850FC727-C665-49E4-BF75-9E80D13A1EFE}.Debug|x64.ActiveCfg = Debug|x64
		{850FC727-C665-49E4-BF75-9E80D13A1EFE}.Debug|x64.Build.0 = Debug|x64
		{850FC727-C665-49E4-BF75-9E80D13A1EFE}.Debug|x86.ActiveCfg = Debug|Win32
		{850FC727-C665-49E4-BF75-9E80D13A1EFE}.Debug|x86.Build.0 = Debug|Win32
		{850FC727-C665-49E4-BF75-9E80D13A1EFE}.Release|x64.ActiveCfg = Release|x64
		{850FC727-C665-49E4-BF75-9E80D13A1EFE}.Release|x64.Build.0 = Release|x64
		{850FC727-C665-49E4-BF75-9E80D13A1EFE}.Release|x86.ActiveCfg = Release|Win32
		{850FC727-C665-49E4-BF75-9E80D13A1EFE}.Release|x86.Build.0 = Release|Win32
		{82D21474-DF38-440A-B447-AF4E96903D0E}.Debug|x64.ActiveCfg = Debug|x64
		{82D21474-DF38-440A-B447-AF4E96903D0E}.Debug|x64.Build.0 = Debug|x64
		{82D21474-DF38-440A-B447-AF4E96903D0E}.Debug|x86.ActiveCfg = Debug|Win32
		{82D21474-DF38-440A-B447-AF4E96903D0E}.Debug|x86.Build.0 = Debug|Win32
		{82D21474-DF38-440A-B447-AF4E96903D0E}.Release|x64.ActiveCfg = Release|x64
		{82D21474-DF38-440A-B447-AF4E96903D0E}.Release|x64.Build.0 = Release|x64
		{82D21474-DF38-440A-B447-AF4E96903D0E}.Release|x86.ActiveCfg = Release|Win32
		{82D21474-DF38-440A-B447-AF4E96903D0E}.Release|x86.Build.0 = Release|Win32
		{353D69B7-25CB-464F-BFE9-E52E1A4F6403}.Debug|x64.ActiveCfg = Debug|x64
		{353D69B7-25CB-464F-BFE9-E52E1A4F6403}.Debug|x64.Build.0 = Debug|x64
		{353D69B7-25CB-464F-BFE9-E52E1A4F6403}.Debug|x86.ActiveCfg = Debug|Win32
		{353D69B7-25CB-464F-BFE9-E52E1A4F6403}.Debug|x86.Build.0 = Debug|Win32
		{353D69B7-25CB-464F-BFE9-E52E1A4F6403}.Release|x64.ActiveCfg = Release|x64
		{353D69B7-25CB-464F-BFE9-E52E1A4F6403}.Release|x64.Build.0 = Release|x64
		{353D69B7-25CB-464F-BFE9-E52E1A4F6403}.Release|x86.ActiveCfg = Release|Win32
		{353D69B7-25CB-464F-BFE9-E52E1A4F6403}.Release|x86.Build.0 = Release|Win32
		{71222C45-5D68-4581-A1B8-6CF5E9664079}.Debug|x64.ActiveCfg = Debug|x64
		{71222C45-5D68-4581-A1B8-6CF5E9664079}.Debug|x64.Build.0 = Debug|x64
		{71222C45-5D68-4581-A1B8-6CF5E9664079}.Debug|x86.ActiveCfg = Debug|Win32
		{71222C45-5D68-4581-A1B8-6CF5E9664079}.Debug|x86.Build.0 = Debug|Win32
		{71222C45-5D68-4581-A1B8-6CF5E9664079}.Release|x64.ActiveCfg = Release|x64
		{71222C45-5D68-4581-A1B8-6CF5E9664079}.Release|x64.Build.0 = Release|x64
		{71222C45-5D68-4581-A1B8-6CF5E9664079}.Release|x86.ActiveCfg = Release|Win32
		{71222C45-5D68-4581-A1B8-6CF5E9664079}.Release|x86.Build.0 = Release|Win32
		{F21425BF-12EE-4056-8B4A-BE457BDC1A33}.Debug|x64.ActiveCfg = Debug|x64
		{F21425BF-12EE-4056-8B4A-BE457BDC1A33}.Debug|x64.Build.0 = Debug|x64
		{F21425BF-12EE-4056-8B4A-BE457BDC1A33}.Debug|x86.ActiveCfg = Debug|Win32
		{F21425BF-12EE-4056-8B4A-BE457BDC1A33}.Debug|x86.Build.0 = Debug|Win32
		{F21425BF-12EE-4056-8B4A-BE457BDC1A33}.Release|x64.ActiveCfg = Release|x64
		{F21425BF-12EE-4056-8B4A-BE457BDC1A33}.Release|x64.Build.0 = Release|x64
		{F21425BF-12EE-4056-8B4A-BE457BDC1A33}.Release|x86.ActiveCfg = Release|Win32
		{F21425BF-12EE-4056-8B4A-BE457BDC1A33}.Release|x86.Build.0 = Release|Win32
		{AF3DE8A7-303D-433F-BAC5-B89C54A67592}.Debug|x64.ActiveCfg = Debug|x64
		{AF3DE8A7-303D-433F-BAC5-B89C54A67592}.Debug|x64.Build.0 = Debug|x64
		{AF3DE8A7-303D-433F-BAC5-B89C54A67592}.Debug|x86.ActiveCfg = Debug|Win32
		{AF3DE8A7-303D-433F-BAC5-B89C54A67592}.Debug|x86.Build.0 = Debug|Win32
		{AF3DE8A7-303D-433F-BAC5-B89C54A67592}.Release|x64.ActiveCfg = Release|x64
		{AF3DE8A7-303D-433F-BAC5-B89C54A67592}.Release|x64.Build.0 = Release|x64
		{AF3DE8A7-303D-433F-BAC5-B89C54A67592}.Release|x86.ActiveCfg = Release|Win32
		{AF3DE8A7-303D-433F-BAC5-B89C54A67592}.Release|x86.Build.0 = Release|Win32
		{490D51DE-247B-4AA8-9AC5-C2CB400460DB}.Debug|x64.ActiveCfg = Debug|x64
		{490D51DE-247B-4AA8-9AC5-C2CB400460DB}.Debug|x64.Build.0 = Debug|x64
		{490D51DE-247B-4AA8-9AC5-C2CB400460DB}.Debug|x86.ActiveCfg = Debug|Win32
		{490D51DE-247B-4AA8-9AC5-C2CB400460DB}.Debug|x86.Build.0 = Debug|Win32
		{490D51DE-247B-4AA8-9AC5-C2CB400460DB}.Release|x64.ActiveCfg = Release|x64
		{490D51DE-247B-4AA8-9AC5-C2CB400460DB}.Release|x64.Build.0 = Release|x64
		{490D51DE-247B-4AA8-9AC5-C2CB400460DB}.Release|x86.ActiveCfg = Release|Win32
		{490D51DE-247B-4AA8-9AC5-C2CB400460DB}.Release|x86.Build.0 = Release|Win32
		{F92D16B7-945E-42F5-A928-3305BFC9D821}.Debug|x64.ActiveCfg = Debug|x64
		{F92D16B7-945E-42F5-A928-3305BFC9D821}.Debug|x64.Build.0 = Debug|x64
		{F92D16B7-945E-42F5-A928-3305BFC9D821}.Debug|x86.ActiveCfg = Debug|Win32
		{F92D16B7-945E-42F5-A928-3305BFC9D821}.Debug|x86.Build.0 = Debug|Win32
		{F92D16B7-945E-42F5-A928-3305BFC9D821}.Release|x64.ActiveCfg = Release|x64
		{F92D16B7-945E-42F5-A928-3305BFC9D821}.Release|x64.Build.0 = Release|x64
		{F92D16B7-945E-42F5-A928-3305BFC9D821}.Release|x86.ActiveCfg = Release|Win32
		{F92D16B7-945E-42F5-A928-3305BFC9D821}.Release|x86.Build.0 = Release|Win32
		{F370AFE9-884E-4D1E-988C-0D78B344CACB}.Debug|x64.ActiveCfg = Debug|x64
		{F370AFE9-884E-4D1E-988C-0D78B344CACB}.Debug|x64.Build.0 = Debug|x64
		{F370AFE9-884E-4D1E-988C-0D78B344CACB}.Debug|x86.ActiveCfg = Debug|Win32
		{F370AFE9-884E-4D1E-988C-0D78B344CACB}.Debug|x86.Build.0 = Debug|Win32
		{F370AFE9-884E-4D1E-988C-0D78B344CACB}.Release|x64.ActiveCfg = Release|x64
		{F370AFE9-884E-4D1E-988C-0D78B344CACB}.Release|x64.Build.0 = Release|x64
		{F370AFE9-884E-4D1E-988C-0D78B344CACB}.Release|x86.ActiveCfg = Release|Win32
		{F370AFE9-884E-4D1E-988C-0D78B344CACB}.Release|x86.Build.0 = Release|Win32
		{3FFFADC6-5C13-453A-B89D-A99897867E67}.Debug|x64.ActiveCfg = Debug|x64
		{3FFFADC6-5C13-453A-B89D-A99897867E67}.Debug|x64.Build.0 = Debug|x64
		{3FFFADC6-5C13-453A-B89D-A99897867E67}.Debug|x86.ActiveCfg = Debug|Win32
		{3FFFADC6-5C13-453A-B89D-A99897867E67}.Debug|x86.Build.0 = Debug|Win32
		{3FFFADC6-5C13-453A-B89D-A99897867E67}.Release|x64.ActiveCfg = Release|x64
		{3FFFADC6-5C13-453A-B89D-A99897867E67}.Release|x64.Build.0 = Release|x64
		{3FFFADC6-5C13-453A-B89D-A99897867E67}.Release|x86.ActiveCfg = Release|Win32
		{3FFFADC6-5C13-453A-B89D-A99897867E67}.Release|x86.Build.0 = Release|Win32
		{5A4F3A62-6003-4A7A-ACE7-128FB9821751}.Debug|x64.ActiveCfg = Debug|x64
		{5A4F3A62-6003-4A7A-ACE7-128FB9821751}.Debug|x64.Build.0 = Debug|x64
		{5A4F3A62-6003-4A7A-ACE7-128FB9821751}.Debug|x86.ActiveCfg = Debug|Win32
		{5A4F3A62-6003-4A7A-ACE7-128FB9821751}.Debug|x86.Build.0 = Debug|Win32
		{5A4F3A62-6003-4A7A-ACE7-128FB9821751}.Release|x64.ActiveCfg = Release|x64
		{5A4F3A62-6003-4A7A-ACE7-128FB9821751}.Release|x64.Build.0 = Release|x64
		{5A4F3A62-6003-4A7A-ACE7-128FB9821751}.Release|x86.ActiveCfg = Release|Win32
		{5A4F3A62-6003-4A7A-ACE7-128FB9821751}.Release|x86.Build.0 = Release|Win32
		{38B2BEB1-1598-4A45-A0E6-43399D1462D6}.Debug|x64.ActiveCfg = Debug|x64
		{38B2BEB1-1598-4A45-A0E6-43399D1462D6}.Debug|x64.Build.0 = Debug|x64
		{38B2BEB1-1598-4A45-A0E6-43399D1462D6}.Debug|x86.ActiveCfg = Debug|Win32
		{38B2BEB1-1598-4A45-A0E6-43399D1462D6}.Debug|x86.Build.0 = Debug|Win32
		{38B2BEB1-1598-4A45-A0E6-43399D1462D6}.Release|x64.ActiveCfg = Release|x64
		{38B2BEB1-1598-4A45-A0E6-43399D1462D6}.Release|x64.Build.0 = Release|x64
		{38B2BEB1-1598-4A45-A0E6-43399D1462D6}.Release|x86.ActiveCfg = Release|Win32
		{38B2BEB1-1598-4A45-A0E6-43399D1462D6}.Release|x86.Build.0 = Release|Win32
		{C7F40729-32CD-43C0-A191-43F60070C82D}.Debug|x64.ActiveCfg = Debug|x64
		{C7F40729-32CD-43C0-A191-43F60070C82D}.Debug|x64.Build.0 = Debug|x64
		{C7F40729-32CD-43C0-A191-43F60070C82D}.Debug|x86.ActiveCfg = Debug|Win32
		{C7F40729-32CD-43C0-A191-43F60070C82D}.Debug|x86.Build.0 = Debug|Win32
		{C7F40729-32CD-43C0-A191-43F60070C82D}.Release|x64.ActiveCfg = Release|x64
		{C7F40729-32CD-43C0-A191-43F60070C82D}.Release|x64.Build.0 = Release|x64
		{C7F40729-32CD-43C0-A191-43F60070C82D}.Release|x86.ActiveCfg = Release|Win32
		{C7F40729-32CD-43C0-A191-43F60070C82D}.Release|x86.Build.0 = Release|Win32
		{DD26CEF6-0131-435F-85BD-D974FD0ABA04}.Debug|x64.ActiveCfg = Debug|x64
		{DD26CEF6-0131-435F-85BD-D974FD0ABA04}.Debug|x64.Build.0 = Debug|x64
		{DD26CEF6-0131-435F-85BD-D974FD0ABA04}.Debug|x86.ActiveCfg = Debug|Win32
		{DD26CEF6-0131-435F-85BD-D974FD0ABA04}.Debug|x86.Build.0 = Debug|Win32
		{DD26CEF6-0131-435F-85BD-D974FD0ABA04}.Release|x64.ActiveCfg = Release|x64
		{DD26CEF6-0131-435F-85BD-D974FD0ABA04}.Release|x64.Build.0 = Release|x64
		{DD26CEF6-0131-435F-85BD-D974FD0ABA04}.Release|x86.ActiveCfg = Release|Win32
		{DD26CEF6-0131-435F-85BD-D974FD0ABA04}.Release|x86.Build.0 = Release|Win32
		{5CDAC90D-8F7A-48C7-9048-9F8EA871C913}.Debug|x64.ActiveCfg = Debug|x64
		{5CDAC90D-8F7A-48C7-9048-9F8EA871C913}.Debug|x64.Build.0 = Debug|x64
		{5CDAC90D-8F7A-48C7-9048-9F8EA871C913}.Debug|x86.ActiveCfg = Debug|Win32
		{5CDAC90D-8F7A-48C7-9048-9F8EA871C913}.Debug|x86.Build.0 = Debug|Win32
		{5CDAC90D-8F7A-48C7-9048-9F8EA871C913}.Release|x64.ActiveCfg = Release|x64
		{5CDAC90D-8F7A-48C7-9048-9F8EA871C913}.Release|x64.Build.0 = Release|x64
		{5CDAC90D-8F7A-48C7-9048-9F8EA871C913}.Release|x86.ActiveCfg = Release|Win32
		{5CDAC90D-8F7A-48C7-9048-9F8EA871C913}.Release|x86.Build.0 = Release|Win32
		{038E5E0A-A352-4240-B8A3-47396E8A658C}.Debug|x64.ActiveCfg = Debug|x64
		{038E5E0A-A352-4240-B8A3-47396E8A658C}.Debug|x64.Build.0 = Debug|x64
		{038E5E0A-A352-4240-B8A3-47396E8A658C}.Debug|x86.ActiveCfg = Debug|Win32
		{038E5E0A-A352-4240-B8A3-47396E8A658C}.Debug|x86.Build.0 = Debug|Win32
		{038E5E0A-A352-4240-B8A3-47396E8A658C}.Release|x64.ActiveCfg = Release|x64
		{038E5E0A-A352-4240-B8A3-47396E8A658C}.Release|x64.Build.0 = Release|x64
		{038E5E0A-A352-4240-B8A3-47396E8A658C}.Release|x86.ActiveCfg = Release|Win32
		{038E5E0A-A352-4240-B8A3-47396E8A658C}.Release|x86.Build.0 = Release|Win32
		{30BB6D2D-F657-446B-93A6-DB750FDCA71F}.Debug|x64.ActiveCfg = Debug|x64
		{30BB6D2D-F657-446B-93A6-DB750FDCA71F}.Debug|x64.Build.0 = Debug|x64
		{30BB6D2D-F657-446B-93A6-DB750FDCA71F}.Debug|x86.ActiveCfg = Debug|Win32
		{30BB6D2D-F657-446B-93A6-DB750FDCA71F}.Debug|x86.Build.0 = Debug|Win32
		{30BB6D2D-F657-446B-93A6-DB750FDCA71F}.Release|x64.ActiveCfg = Release|x64
		{30BB6D2D-F657-446B-93A6-DB750FDCA71F}.Release|x64.Build.0 = Release|x64
		{30BB6D2D-F657-446B-93A6-DB750FDCA71F}.Release|x86.ActiveCfg = Release|Win32
		{30BB6D2D-F657-446B-93A6-DB750FDCA71F}.Release|x86.Build.0 = Release|Win32
		{A4216893-6616-4A34-918B-477DB8864F12}.Debug|x64.ActiveCfg = Debug|x64
		{A4216893-6616-4A34-918B-477DB8864F12}.Debug|x64.Build.0 = Debug|x64
		{A4216893-6616-4A34-918B-477DB8864F12}.Debug|x86.ActiveCfg = Debug|Win32
		{A4216893-6616-4A34-918B-477DB8864F12}.Debug|x86.Build.0 = Debug|Win32
		{A4216893-6616-4A34-918B-477DB8864F12}.Release|x64.ActiveCfg = Release|x64
		{A4216893-6616-4A34-918B-477DB8864F12}.Release|x64.Build.0 = Release|x64
		{A4216893-6616-4A34-918B-477DB8864F12}.Release|x86.ActiveCfg = Release|Win32
		{A4216893-6616-4A34-918B-477DB8864F12}.Release|x86.Build.0 = Release|Win32
		{7D692D4D-BD48-463A-AB1B-FA95A65668CA}.Debug|x64.ActiveCfg = Debug|x64
		{7D692D4D-BD48-463A-AB1B-FA95A65668CA}.Debug|x64.Build.0 = Debug|x64
		{7D692D4D-BD48-463A-AB1B-FA95A65668CA}.Debug|x86.ActiveCfg = Debug|Win32
		{7D692D4D-BD48-463A-AB1B-FA95A65668CA}.Debug|x86.Build.0 = Debug|Win32
		{7D692D4D-BD48-463A-AB1B-FA95A65668CA}.Release|x64.ActiveCfg = Release|x64
		{7D692D4D-BD48-463A-AB1B-FA95A65668CA}.Release|x64.Build.0 = Release|x64
		{7D692D4D-BD48-463A-AB1B-FA95A65668CA}.Release|x86.ActiveCfg = Release|Win32
		{7D692D4D-BD48-463A-AB1B-FA95A65668CA}.Release|x86.Build.0 = Release|Win32
		{5628DE57-AEF4-4C9E-B48D-860E1EF1C73F}.Debug|x64.ActiveCfg = Debug|x64
		{5628DE57-AEF4-4C9E-B48D-860E1EF1C73F}.Debug|x64.Build.0 = Debug|x64
		{5628DE57-AEF4-4C9E-B48D-860E1EF1C73F}.Debug|x86.ActiveCfg = Debug|Win32
		{5628DE57-AEF4-4C9E-B48D-860E1EF1C73F}.Debug|x86.Build.0 = Debug|Win32
		{5628DE57-AEF4-4C9E-B48D-860E1EF1C73F}.Release|x64.ActiveCfg = Release|x64
		{5628DE57-AEF4-4C9E-B48D-860E1EF1C73F}.Release|x64.Build.0 = Release|x64
		{5628DE57-AEF4-4C9E-B48D-860E1EF1C73F}.Release|x86.ActiveCfg = Release|Win32
		{5628DE57-AEF4-4C9E-B48D-860E1EF1C73F}.Release|x86.Build.0 = Release|Win32
		{6C07E018-D67C-4B34-B9FA-920441D6D3CA}.Debug|x64.ActiveCfg = Debug|x64
		{6C07E018-D67C-4B34-B9FA-920441D6D3CA}.Debug|x64.Build.0 = Debug|x64
		{6C07E018-D67C-4B34-B9FA-920441D6D3CA}.Debug|x86.ActiveCfg = Debug|Win32
		{6C07E018-D67C-4B34-B9FA-920441D6D3CA}.Debug|x86.Build.0 = Debug|Win32
		{6C07E018-D67C-4B34-B9FA-920441D6D3CA}.Release|x64.ActiveCfg = Release|x64
		{6C07E018-D67C-4B34-B9FA-920441D6D3CA}.Release|x64.Build.0 = Release|x64
		{6C07E018-D67C-4B34-B9FA-920441D6D3CA}.Release|x86.ActiveCfg = Release|Win32
		{6C07E018-D67C-4B34-B9FA-920441D6D3CA}.Release|x86.Build.0 = Release|Win32
		{67DEE241-71CE-436C-B720-1F1A2EA478B0}.Debug|x64.ActiveCfg = Debug|x64
		{67DEE241-71CE-436C-B720-1F1A2EA478B0}.Debug|x64.Build.0 = Debug|x64
		{67DEE241-71CE-436C-B720-1F1A2EA478B0}.Debug|x86.ActiveCfg = Debug|Win32
		{67DEE241-71CE-436C-B720-1F1A2EA478B0}.Debug|x86.Build.0 = Debug|Win32
		{67DEE241-71CE-436C-B720-1F1A2EA478B0}.Release|x64.ActiveCfg = Release|x64
		{67DEE241-71CE-436C-B720-1F1A2EA478B0}.Release|x64.Build.0 = Release|x64
		{67DEE241-71CE-436C-B720-1F1A2EA478B0}.Release|x86.ActiveCfg = Release|Win32
		{67DEE241-71CE-436C-B720-1F1A2EA478B0}.Release|x86.Build.0 = Release|Win32
		{8858C94B-BC67-4971-9509-8E4DC0FBE0AB}.Debug|x64.ActiveCfg = Debug|x64
		{8858C94B-BC67-4971-9509-8E4DC0FBE0AB}.Debug|x64.Build.0 = Debug|x64
		{8858C94B-BC67-4971-9509-8E4DC0FBE0AB}.Debug|x86.ActiveCfg = Debug|Win32
		{8858C94B-BC67-4971-9509-8E4DC0FBE0AB}.Debug|x86.Build.0 = Debug|Win32
		{8858C94B-BC67-4971-9509-8E4DC0FBE0AB}.Release|x64.ActiveCfg = Release|x64
		{8858C94B-BC67-4971-9509-8E4DC0FBE0AB}.Release|x64.Build.0 = Release|x64
		{8858C94B-BC67-4971-9509-8E4DC0FBE0AB}.Release|x86.ActiveCfg = Release|Win32
		{8858C94B-BC67-4971-9509-8E4DC0FBE0AB}.Release|x86.Build.0 = Release|Win32
		{1F4008D8-B56A-4D6E-AA3A-DCE2C2298569}.Debug|x64.ActiveCfg = Debug|x64
		{1F4008D8-B56A-4D6E-AA3A-DCE2C2298569}.Debug|x64.Build.0 = Debug|x64
		{1F4008D8-B56A-4D6E-AA3A-DCE2C2298569}.Debug|x86.ActiveCfg = Debug|Win32
		{1F4008D8-B56A-4D6E-AA3A-DCE2C2298569}.Debug|x86.Build.0 = Debug|Win32
		{1F4008D8-B56A-4D6E-AA3A-DCE2C2298569}.Release|x64.ActiveCfg = Release|x64
		{1F4008D8-B56A-4D6E-AA3A-DCE2C2298569}.Release|x64.Build.0 = Release|x64
		{1F4008D8-B56A-4D6E-AA3A-DCE2C2298569}.Release|x86.ActiveCfg = Release|Win32
		{1F4008D8-B56A-4D6E-AA3A-DCE2C2298569}.Release|x86.Build.0 = Release|Win32
		{466F517C-1880-44DF-A639-357731C3899F}.Debug|x64.ActiveCfg = Debug|x64
		{466F517C-1880-44DF-A639-357731C3899F}.Debug|x64.Build.0 = Debug|x64
		{466F517C-1880-44DF-A639-357731C3899F}.Debug|x86.ActiveCfg = Debug|Win32
		{466F517C-1880-44DF-A639-357731C3899F}.Debug|x86.Build.0 = Debug|Win32
		{466F517C-1880-44DF-A639-357731C3899F}.Release|x64.ActiveCfg = Release|x64
		{466F517C-1880-44DF-A639-357731C3899F}.Release|x64.Build.0 = Release|x64
		{466F517C-1880-44DF-A639-357731C3899F}.Release|x86.ActiveCfg = Release|Win32
		{466F517C-1880-44DF-A639-357731C3899F}.Release|x86.Build.0 = Release|Win32
		{6BBC8281-64CB-432E-B9D4-766EABC58E55}.Debug|x64.ActiveCfg = Debug|x64
		{6BBC8281-64CB-432E-B9D4-766EABC58E55}.Debug|x64.Build.0 = Debug|x64
		{6BBC8281-64CB-432E-B9D4-766EABC58E55}.Debug|x86.ActiveCfg = Debug|Win32
		{6BBC8281-64CB-432E-B9D4-766EABC58E55}.Debug|x86.Build.0 = Debug|Win32
		{6BBC8281-64CB-432E-B9D4-766EABC58E55}.Release|x64.ActiveCfg = Release|x64
		{6BBC8281-64CB-432E-B9D4-766EABC58E55}.Release|x64.Build.0 = Release|x64
		{6BBC8281-64CB-432E-B9D4-766EABC58E55}.Release|x86.ActiveCfg = Release|Win32
		{6BBC8281-64CB-432E-B9D4-766EABC58E55}.Release|x86.Build.0 = Release|Win32
		{44BE9629-DA03-4BB4-9F59-60460F93B3BE}.Debug|x64.ActiveCfg = Debug|x64
		{44BE9629-DA03-4BB4-9F59-60460F93B3BE}.Debug|x64.Build.0 = Debug|x64
		{44BE9629-DA03-4BB4-9F59-60460F93B3BE}.Debug|x86.ActiveCfg = Debug|Win32
		{44BE9629-DA03-4BB4-9F59-60460F93B3BE}.Debug|x86.Build.0 = Debug|Win32
		{44BE9629-DA03-4BB4-9F59-60460F93B3BE}.Release|x64.ActiveCfg = Release|x64
		{44BE9629-DA03-4BB4-9F59-60460F93B3BE}.Release|x64.Build.0 = Release|x64
		{44BE9629-DA03-4BB4-9F59-60460F93B3BE}.Release|x86.ActiveCfg = Release|Win32
		{44BE9629-DA03-4BB4-9F59-60460F93B3BE}.Release|x86.Build.0 = Release|Win32
		{AEABBF0B-1F75-4790-8E40-573BF7B1562F}.Debug|x64.ActiveCfg = Debug|x64
		{AEABBF0B-1F75-4790-8E40-573BF7B1562F}.Debug|x64.Build.0 = Debug|x64
		{AEABBF0B-1F75-4790-8E40-573BF7B1562F}.Debug|x86.ActiveCfg = Debug|Win32
		{AEABBF0B-1F75-4790-8E40-573BF7B1562F}.Debug|x86.Build.0 = Debug|Win32
		{AEABBF0B-1F75-4790-8E40-573BF7B1562F}.Release|x64.ActiveCfg = Release|x64
		{AEABBF0B-1F75-4790-8E40-573BF7B1562F}.Release|x64.Build.0 = Release|x64
		{AEABBF0B-1F75-4790-8E40-573BF7B1562F}.Release|x86.ActiveCfg = Release|Win32
		{AEABBF0B-1F75-4790-8E40-573BF7B1562F}.Release|x86.Build.0 = Release|Win32
		{AED68352-E37D-4881-820C-0D8C722DF85B}.Debug|x64.ActiveCfg = Debug|x64
		{AED68352-E37D-4881-820C-0D8C722DF85B}.Debug|x64.Build.0 = Debug|x64
		{AED68352-E37D-4881-820C-0D8C722DF85B}.Debug|x86.ActiveCfg = Debug|Win32
		{AED68352-E37D-4881-820C-0D8C722DF85B}.Debug|x86.Build.0 = Debug|Win32
		{AED68352-E37D-4881-820C-0D8C722DF85B}.Release|x64.ActiveCfg = Release|x64
		{AED68352-E37D-4881-820C-0D8C722DF85B}.Release|x64.Build.0 = Release|x64
		{AED68352-E37D-4881-820C-0D8C722DF85B}.Release|x86.ActiveCfg = Release|Win32
		{AED68352-E37D-4881-820C-0D8C722DF85B}.Release|x86.Build.0 = Release|Win32
		{DA760692-8F77-4C50-A736-FD534E33DEE4}.Debug|x64.ActiveCfg = Debug|x64
		{DA760692-8F77-4C50-A736-FD534E33DEE4}.Debug|x64.Build.0 = Debug|x64
		{DA760692-8F77-4C50-A736-FD534E33DEE4}.Debug|x86.ActiveCfg = Debug|Win32
		{DA760692-8F77-4C50-A736-FD534E33DEE4}.Debug|x86.Build.0 = Debug|Win32
		{DA760692-8F77-4C50-A736-FD534E33DEE4}.Release|x64.ActiveCfg = Release|x64
		{DA760692-8F77-4C50-A736-FD534E33DEE4}.Release|x64.Build.0 = Release|x64
		{DA760692-8F77-4C50-A736-FD534E33DEE4}.Release|x86.ActiveCfg = Release|Win32
		{DA760692-8F77-4C50-A736-FD534E33DEE4}.Release|x86.Build.0 = Release|Win32
		{426DD490-A500-473E-B991-2E7CE8D1C63C}.Debug|x64.ActiveCfg = Debug|x64
		{426DD490-A500-473E-B991-2E7CE8D1C63C}.Debug|x64.Build.0 = Debug|x64
		{426DD490-A500-473E-B991-2E7CE8D1C63C}.Debug|x86.ActiveCfg = Debug|Win32
		{426DD490-A500-473E-B991-2E7CE8D1C63C}.Debug|x86.Build.0 = Debug|Win32
		{426DD490-A500-473E-B991-2E7CE8D1C63C}.Release|x64.ActiveCfg = Release|x64
		{426DD490-A500-473E-B991-2E7CE8D1C63C}.Release|x64.Build.0 = Release|x64
		{426DD490-A500-473E-B991-2E7CE8D1C63C}.Release|x86.ActiveCfg = Release|Win32
		{426DD490-A500-473E-B991-2E7CE8D1C63C}.Release|x86.Build.0 = Release|Win32
		{BCC38378-2099-4629-A45D-C0BF7202A4E1}.Debug|x64.ActiveCfg = Debug|x64
		{BCC38378-2099-4629-A45D-C0BF7202A4E1}.Debug|x64.Build.0 = Debug|x64
		{BCC38378-2099-4629-A45D-C0BF7202A4E1}.Debug|x86.ActiveCfg = Debug|Win32
		{BCC38378-2099-4629-A45D-C0BF7202A4E1}.Debug|x86.Build.0 = Debug|Win32
		{BCC38378-2099-4629-A45D-C0BF7202A4E1}.Release|x64.ActiveCfg = Release|x64
		{BCC38378-2099-4629-A45D-C0BF7202A4E1}.Release|x64.Build.0 = Release|x64
		{BCC38378-2099-4629-A45D-C0BF7202A4E1}.Release|x86.ActiveCfg = Release|Win32
		{BCC38378-2099-4629-A45D-C0BF7202A4E1}.Release|x86.Build.0 = Release|Win32
		{0EC4D5FB-05DC-4B24-87EE-3BB23BD960A5}.Debug|x64.ActiveCfg = Debug|x64
		{0EC4D5FB-05DC-4B24-87EE-3BB23BD960A5}.Debug|x64.Build.0 = Debug|x64
		{0EC4D5FB-05DC-4B24-87EE-3BB23BD960A5}.Debug|x86.ActiveCfg = Debug|Win32
		{0EC4D5FB-05DC-4B24-87EE-3BB23BD960A5}.Debug|x86.Build.0 = Debug|Win32
		{0EC4D5FB-05DC-4B24-87EE-3BB23BD960A5}.Release|x64.ActiveCfg = Release|x64
		{0EC4D5FB-05DC-4B24-87EE-3BB23BD960A5}.Release|x64.Build.0 = Release|x64
		{0EC4D5FB-05DC-4B24-87EE-3BB23BD960A5}.Release|x86.ActiveCfg = Release|Win32
		{0EC4D5FB-05DC-4B24-87EE-3BB23BD960A5}.Release|x86.Build.0 = Release|Win32
		{6BD3D4AF-9257-4282-BA85-9089DD22584D}.Debug|x64.ActiveCfg = Debug|x64
		{6BD3D4AF-9257-4282-BA85-9089DD22584D}.Debug|x64.Build.0 = Debug|x64
		{6BD3D4AF-9257-4282-BA85-9089DD22584D}.Debug|x86.ActiveCfg = Debug|Win32
		{6BD3D4AF-9257-4282-BA85-9089DD22584D}.Debug|x86.Build.0 = Debug|Win32
		{6BD3D4AF-9257-4282-BA85-9089DD22584D}.Release|x64.ActiveCfg = Release|x64
		{6BD3D4AF-9257-4282-BA85-9089DD22584D}.Release|x64.Build.0 = Release|x64
		{6BD3D4AF-9257-4282-BA85-9089DD22584D}.Release|x86.ActiveCfg = Release|Win32
		{6BD3D4AF-9257-4282-BA85-9089DD22584D}.Release|x86.Build.0 = Release|Win32
		{4E048905-D5C6-4CDD-ADF7-5CA87F2EE91B}.Debug|x64.ActiveCfg = Debug|x64
		{4E048905-D5C6-4CDD-ADF7-5CA87F2EE91B}.Debug|x64.Build.0 = Debug|x64
		{4E048905-D5C6-4CDD-ADF7-5CA87F2EE91B}.Debug|x86.ActiveCfg = Debug|Win32
		{4E048905-D5C6-4CDD-ADF7-5CA87F2EE91B}.Debug|x86.Build.0 = Debug|Win32
		{4E048905-D5C6-4CDD-ADF7-5CA87F2EE91B}.Release|x64.ActiveCfg = Release|x64
		{4E048905-D5C6-4CDD-ADF7-5CA87F2EE91B}.Release|x64.Build.0 = Release|x64
		{4E048905-D5C6-4CDD-ADF7-5CA87F2EE91B}.Release|x86.ActiveCfg = Release|Win32
		{4E048905-D5C6-4CDD-ADF7-5CA87F2EE91B}.Release|x86.Build.0 = Release|Win32
		{4C41C3CE-0ECD-4CC1-81FE-03235206278E}.Debug|x64.ActiveCfg = Debug|x64
		{4C41C3CE-0ECD-4CC1-81FE-03235206278E}.Debug|x64.Build.0 = Debug|x64
		{4C41C3CE-0ECD-4CC1-81FE-03235206278E}.Debug|x86.ActiveCfg = Debug|Win32
		{4C41C3CE-0ECD-4CC1-81FE-03235206278E}.Debug|x86.Build.0 = Debug|Win32
		{4C41C3CE-0ECD-4CC1-81FE-03235206278E}.Release|x64.ActiveCfg = Release|x64
		{4C41C3CE-0ECD-4CC1-81FE-03235206278E}.Release|x64.Build.0 = Release|x64
		{4C41C3CE-0ECD-4CC1-81FE-03235206278E}.Release|x86.ActiveCfg = Release|Win32
		{4C41C3CE-0ECD-4CC1-81FE-03235206278E}.Release|x86.Build.0 = Release|Win32
		{FBBB9BDB-0E2B-41B2-A34A-A655699DC5BF}.Debug|x64.ActiveCfg = Debug|x64
		{FBBB9BDB-0E2B-41B2-A34A-A655699DC5BF}.Debug|x64.Build.0 = Debug|x64
		{FBBB9BDB-0E2B-41B2-A34A-A655699DC5BF}.Debug|x86.ActiveCfg = Debug|Win32
		{FBBB9BDB-0E2B-41B2-A34A-A655699DC5BF}.Debug|x86.Build.0 = Debug|Win32
		{FBBB9BDB-0E2B-41B2-A34A-A655699DC5BF}.Release|x64.ActiveCfg = Release|x64
		{FBBB9BDB-0E2B-41B2-A34A-A655699DC5BF}.Release|x64.Build.0 = Release|x64
		{FBBB9BDB-0E2B-41B2-A34A-A655699DC5BF}.Release|x86.ActiveCfg = Release|Win32
		{FBBB9BDB-0E2B-41B2-A34A-A655699DC5BF}.Release|x86.Build.0 = Release|Win32
		{577E7942-0335-471F-A205-E6C25131ABE0}.Debug|x64.ActiveCfg = Debug|x64
		{577E7942-0335-471F-A205-E6C25131ABE0}.Debug|x64.Build.0 = Debug|x64
		{577E7942-0335-471F-A205-E6C25131ABE0}.Debug|x86.ActiveCfg = Debug|Win32
		{577E7942-0335-471F-A205-E6C25131ABE0}.Debug|x86.Build.0 = Debug|Win32
		{577E7942-0335-471F-A205-E6C25131ABE0}.Release|x64.ActiveCfg = Release|x64
		{577E7942-0335-471F-A205-E6C25131ABE0}.Release|x64.Build.0 = Release|x64
		{577E7942-0335-471F-A205-E6C25131ABE0}.Release|x86.ActiveCfg = Release|Win32
		{577E7942-0335-471F-A205-E6C25131ABE0}.Release|x86.Build.0 = Release|Win32
		{BE15DB2C-0467-4D0B-816F-BA06BEE644F0}.Debug|x64.ActiveCfg = Debug|x64
		{BE15DB2C-0467-4D0B-816F-BA06BEE644F0}.Debug|x64.Build.0 = Debug|x64
		{BE15DB2C-0467-4D0B-816F-BA06BEE644F0}.Debug|x86.ActiveCfg = Debug|Win32
		{BE15DB2C-0467-4D0B-816F-BA06BEE644F0}.Debug|x86.Build.0 = Debug|Win32
		{BE15DB2C-0467-4D0B-816F-BA06BEE644F0}.Release|x64.ActiveCfg = Release|x64
		{BE15DB2C-0467-4D0B-816F-BA06BEE644F0}.Release|x64.Build.0 = Release|x64
		{BE15DB2C-0467-4D0B-816F-BA06BEE644F0}.Release|x86.ActiveCfg = Release|Win32
		{BE15DB2C-0467-4D0B-816F-BA06BEE644F0}.Release|x86.Build.0 = Release|Win32
		{73CDD070-FC1D-419C-8A3A-9F01EA4CCF89}.Debug|x64.ActiveCfg = Debug|x64
		{73CDD070-FC1D-419C-8A3A-9F01EA4CCF89}.Debug|x64.Build.0 = Debug|x64
		{73CDD070-FC1D-419C-8A3A-9F01EA4CCF89}.Debug|x86.ActiveCfg = Debug|Win32
		{73CDD070-FC1D-419C-8A3A-9F01EA4CCF89}.Debug|x86.Build.0 = Debug|Win32
		{73CDD070-FC1D-419C-8A3A-9F01EA4CCF89}.Release|x64.ActiveCfg = Release|x64
		{73CDD070-FC1D-419C-8A3A-9F01EA4CCF89}.Release|x64.Build.0 = Release|x64
		{73CDD070-FC1D-419C-8A3A-9F01EA4CCF89}.Release|x86.ActiveCfg = Release|Win32
		{73CDD070-FC1D-419C-8A3A-9F01EA4CCF89}.Release|x86.Build.0 = Release|Win32
		{698B9890-ABF5-4F3C-B789-BC63A2CCD80C}.Debug|x64.ActiveCfg = Debug|x64
		{698B9890-ABF5-4F3C-B789-BC63A2CCD80C}.Debug|x64.Build.0 = Debug|x64
		{698B9890-ABF5-4F3C-B789-BC63A2CCD80C}.Debug|x86.ActiveCfg = Debug|Win32
		{698B9890-ABF5-4F3C-B789-BC63A2CCD80C}.Debug|x86.Build.0 = Debug|Win32
		{698B9890-ABF5-4F3C-B789-BC63A2CCD80C}.Release|x64.ActiveCfg = Release|x64
		{698B9890-ABF5-4F3C-B789-BC63A2CCD80C}.Release|x64.Build.0 = Release|x64
		{698B9890-ABF5-4F3C-B789-BC63A2CCD80C}.Release|x86.ActiveCfg = Release|Win32
		{698B9890-ABF5-4F3C-B789-BC63A2CCD80C}.Release|x86.Build.0 = Release|Win32
		{780AFE9D-742F-453B-AA3A-DC6DB490861F}.Debug|x64.ActiveCfg = Debug|x64
		{780AFE9D-742F-453B-AA3A-DC6DB490861F}.Debug|x64.Build.0 = Debug|x64
		{780AFE9D-742F-453B-AA3A-DC6DB490861F}.Debug|x86.ActiveCfg = Debug|Win32
		{780AFE9D-742F-453B-AA3A-DC6DB490861F}.Debug|x86.Build.0 = Debug|Win32
		{780AFE9D-742F-453B-AA3A-DC6DB490861F}.Release|x64.ActiveCfg = Release|x64
		{780AFE9D-742F-453B-AA3A-DC6DB490861F}.Release|x64.Build.0 = Release|x64
		{780AFE9D-742F-453B-AA3A-DC6DB490861F}.Release|x86.ActiveCfg = Release|Win32
		{780AFE9D-742F-453B-AA3A-DC6DB490861F}.Release|x86.Build.0 = Release|Win32
		{F8EE30DB-9F2E-4CD2-A71D-74CB944898CF}.Debug|x64.ActiveCfg = Debug|x64
		{F8EE30DB-9F2E-4CD2-A71D-74CB944898CF}.Debug|x64.Build.0 = Debug|x64
		{F8EE30DB-9F2E-4CD2-A71D-74CB944898CF}.Debug|x86.ActiveCfg = Debug|Win32
		{F8EE30DB-9F2E-4CD2-A71D-74CB944898CF}.Debug|x86.Build.0 = Debug|Win32
		{F8EE30DB-9F2E-4CD2-A71D-74CB944898CF}.Release|x64.ActiveCfg = Release|x64
		{F8EE30DB-9F2E-4CD2-A71D-74CB944898CF}.Release|x64.Build.0 = Release|x64
		{F8EE30DB-9F2E-4CD2-A71D-74CB944898CF}.Release|x86.ActiveCfg = Release|Win32
		{F8EE30DB-9F2E-4CD2-A71D-74CB944898CF}.Release|x86.Build.0 = Release|Win32
		{0DD0EE34-47AA-4C64-9A97-5A763105A73C}.Debug|x64.ActiveCfg = Debug|x64
		{0DD0EE34-47AA-4C64-9A97-5A763105A73C}.Debug|x64.Build.0 = Debug|x64
		{0DD0EE34-47AA-4C64-9A97-5A763105A73C}.Debug|x86.ActiveCfg = Debug|Win32
		{0DD0EE34-47AA-4C64-9A97-5A763105A73C}.Debug|x86.Build.0 = Debug|Win32
		{0DD0EE34-47AA-4C64-9A97-5A763105A73C}.Release|x64.ActiveCfg = Release|x64
		{0DD0EE34-47AA-4C64-9A97-5A763105A73C}.Release|x64.Build.0 = Release|x64
		{0DD0EE34-47AA-4C64-9A97-5A763105A73C}.Release|x86.ActiveCfg = Release|Win32
		{0DD0EE34-47AA-4C64-9A97-5A763105A73C}.Release|x86.Build.0 = Release|Win32
		{AF4F2233-2E75-4445-A5B3-550B7DC88703}.Debug|x64.ActiveCfg = Debug|x64
		{AF4F2233-2E75-4445-A5B3-550B7DC88703}.Debug|x64.Build.0 = Debug|x64
		{AF4F2233-2E75-4445-A5B3-550B7DC88703}.Debug|x86.ActiveCfg = Debug|Win32
		{AF4F2233-2E75-4445-A5B3-550B7DC88703}.Debug|x86.Build.0 = Debug|Win32
		{AF4F2233-2E75-4445-A5B3-550B7DC88703}.Release|x64.ActiveCfg = Release|x64
		{AF4F2233-2E75-4445-A5B3-550B7DC88703}.Release|x64.Build.0 = Release|x64
		{AF4F2233-2E75-4445-A5B3-550B7DC88703}.Release|x86.ActiveCfg = Release|Win32
		{AF4F2233-2E75-4445-A5B3-550B7DC88703}.Release|x86.Build.0 = Release|Win32
		{3EFB550A-A483-4B4B-8C3D-F66DFE6F2CFD}.Debug|x64.ActiveCfg = Debug|x64
		{3EFB550A-A483-4B4B-8C3D-F66DFE6F2CFD}.Debug|x64.Build.0 = Debug|x64
		{3EFB550A-A483-4B4B-8C3D-F66DFE6F2CFD}.Debug|x86.ActiveCfg = Debug|Win32
		{3EFB550A-A483-4B4B-8C3D-F66DFE6F2CFD}.Debug|x86.Build.0 = Debug|Win32
		{3EFB550A-A483-4B4B-8C3D-F66DFE6F2CFD}.Release|x64.ActiveCfg = Release|x64
		{3EFB550A-A483-4B4B-8C3D-F66DFE6F2CFD}.Release|x64.Build.0 = Release|x64
		{3EFB550A-A483-4B4B-8C3D-F66DFE6F2CFD}.Release|x86.ActiveCfg = Release|Win32
		{3EFB550A-A483-4B4B-8C3D-F66DFE6F2CFD}.Release|x86.Build.0 = Release|Win32
		{D6667CF7-D43D-4858-80A4-E5FF73535874}.Debug|x64.ActiveCfg = Debug|x64
		{D6667CF7-D43D-4858-80A4-E5FF73535874}.Debug|x64.Build.0 = Debug|x64
		{D6667CF7-D43D-4858-80A4-E5FF73535874}.Debug|x86.ActiveCfg = Debug|Win32
		{D6667CF7-D43D-4858-80A4-E5FF73535874}.Debug|x86.Build.0 = Debug|Win32
		{D6667CF7-D43D-4858-80A4-E5FF73535874}.Release|x64.ActiveCfg = Release|x64
		{D6667CF7-D43D-4858-80A4-E5FF73535874}.Release|x64.Build.0 = Release|x64
		{D6667CF7-D43D-4858-80A4-E5FF73535874}.Release|x86.ActiveCfg = Release|Win32
		{D6667CF7-D43D-4858-80A4-E5FF73535874}.Release|x86.Build.0 = Release|Win32
		{278EA52A-F960-4D71-85CE-8A0069E9C0CA}.Debug|x64.ActiveCfg = Debug|x64
		{278EA52A-F960-4D71-85CE-8A0069E9C0CA}.Debug|x64.Build.0 = Debug|x64
		{278EA52A-F960-4D71-85CE-8A0069E9C0CA}.Debug|x86.ActiveCfg = Debug|Win32
		{278EA52A-F960-4D71-85CE-8A0069E9C0CA}.Debug|x86.Build.0 = Debug|Win32
		{278EA52A-F960-4D71-85CE-8A0069E9C0CA}.Release|x64.ActiveCfg = Release|x64
		{278EA52A-F960-4D71-85CE-8A0069E9C0CA}.Release|x64.Build.0 = Release|x64
		{278EA52A-F960-4D71-85CE-8A0069E9C0CA}.Release|x86.ActiveCfg = Release|Win32
		{278EA52A-F960-4D71-85CE-8A0069E9C0CA}.Release|x86.Build.0 = Release|Win32
		{7F6AA3C5-952A-4335-A5B6-3F07A14807AD}.Debug|x64.ActiveCfg = Debug|x64
		{7F6AA3C5-952A-4335-A5B6-3F07A14807AD}.Debug|x64.Build.0 = Debug|x64
		{7F6AA3C5-952A-4335-A5B6-3F07A14807AD}.Debug|x86.ActiveCfg = Debug|Win32
		{7F6AA3C5-952A-4335-A5B6-3F07A14807AD}.Debug|x86.Build.0 = Debug|Win32
		{7F6AA3C5-952A-4335-A5B6-3F07A14807AD}.Release|x64.ActiveCfg = Release|x64
		{7F6AA3C5-952A-4335-A5B6-3F07A14807AD}.Release|x64.Build.0 = Release|x64
		{7F6AA3C5-952A-4335-A5B6-3F07A14807AD}.Release|x86.ActiveCfg = Release|Win32
		{7F6AA3C5-952A-4335-A5B6-3F07A14807AD}.Release|x86.Build.0 = Release|Win32
		{6A43AEC8-0A73-4DC6-A92C-178E782D6086}.Debug|x64.ActiveCfg = Debug|x64
		{6A43AEC8-0A73-4DC6-A92C-178E782D6086}.Debug|x64.Build.0 = Debug|x64
		{6A43AEC8-0A73-4DC6-A92C-178E782D6086}.Debug|x86.ActiveCfg = Debug|Win32
		{6A43AEC8-0A73-4DC6-A92C-178E782D6086}.Debug|x86.Build.0 = Debug|Win32
		{6A43AEC8-0A73-4DC6-A92C-178E782D6086}.Release|x64.ActiveCfg = Release|x64
		{6A43AEC8-0A73-4DC6-A92C-178E782D6086}.Release|x64.Build.0 = Release|x64
		{6A43AEC8-0A73-4DC6-A92C-178E782D6086}.Release|x86.ActiveCfg = Release|Win32
		{6A43AEC8-0A73-4DC6-A92C-178E782D6086}.Release|x86.Build.0 = Release|Win32
		{365AD530-A1A2-4E49-A221-19FB041495DC}.Debug|x64.ActiveCfg = Debug|x64
		{365AD530-A1A2-4E49-A221-19FB041495DC}.Debug|x64.Build.0 = Debug|x64
		{365AD530-A1A2-4E49-A221-19FB041495DC}.Debug|x86.ActiveCfg = Debug|Win32
		{365AD530-A1A2-4E49-A221-19FB041495DC}.Debug|x86.Build.0 = Debug|Win32
		{365AD530-A1A2-4E49-A221-19FB041495DC}.Release|x64.ActiveCfg = Release|x64
		{365AD530-A1A2-4E49-A221-19FB041495DC}.Release|x64.Build.0 = Release|x64
		{365AD530-A1A2-4E49-A221-19FB041495DC}.Release|x86.ActiveCfg = Release|Win32
		{365AD530-A1A2-4E49-A221-19FB041495DC}.Release|x86.Build.0 = Release|Win32
		{33F8874A-9D36-4831-863F-E9723E8701E3}.Debug|x64.ActiveCfg = Debug|x64
		{33F8874A-9D36-4831-863F-E9723E8701E3}.Debug|x64.Build.0 = Debug|x64
		{33F8874A-9D36-4831-863F-E9723E8701E3}.Debug|x86.ActiveCfg = Debug|Win32
		{33F8874A-9D36-4831-863F-E9723E8701E3}.Debug|x86.Build.0 = Debug|Win32
		{33F8874A-9D36-4831-863F-E9723E8701E3}.Release|x64.ActiveCfg = Release|x64
		{33F8874A-9D36-4831-863F-E9723E8701E3}.Release|x64.Build.0 = Release|x64
		{33F8874A-9D36-4831-863F-E9723E8701E3}.Release|x86.ActiveCfg = Release|Win32
		{33F8874A-9D36-4831-863F-E9723E8701E3}.Release|x86.Build.0 = Release|Win32
		{B18771B7-009B-4EE1-9C8E-21CADE93051A}.Debug|x64.ActiveCfg = Debug|x64
		{B18771B7-009B-4EE1-9C8E-21CADE93051A}.Debug|x64.Build.0 = Debug|x64
		{B18771B7-009B-4EE1-9C8E-21CADE93051A}.Debug|x86.ActiveCfg = Debug|Win32
		{B18771B7-009B-4EE1-9C8E-21CADE93051A}.Debug|x86.Build.0 = Debug|Win32
		{B18771B7-009B-4EE1-9C8E-21CADE93051A}.Release|x64.ActiveCfg = Release|x64
		{B18771B7-009B-4EE1-9C8E-21CADE93051A}.Release|x64.Build.0 = Release|x64
		{B18771B7-009B-4EE1-9C8E-21CADE93051A}.Release|x86.ActiveCfg = Release|Win32
		{B18771B7-009B-4EE1-9C8E-21CADE93051A}.Release|x86.Build.0 = Release|Win32
		{0388C515-52FA-404B-8112-D2129A597FC9}.Debug|x64.ActiveCfg = Debug|x64
		{0388C515-52FA-404B-8112-D2129A597FC9}.Debug|x64.Build.0 = Debug|x64
		{0388C515-52FA-404B-8112-D2129A597FC9}.Debug|x86.ActiveCfg = Debug|Win32
		{0388C515-52FA-404B-8112-D2129A597FC9}.Debug|x86.Build.0 = Debug|Win32
		{0388C515-52FA-404B-8112-D2129A597FC9}.Release|x64.ActiveCfg = Release|x64
		{0388C515-52FA-404B-8112-D2129A597FC9}.Release|x64.Build.0 = Release|x64
		{0388C515-52FA-404B-8112-D2129A597FC9}.Release|x86.ActiveCfg = Release|Win32
		{0388C515-52FA-404B-8112-D2129A597FC9}.Release|x86.Build.0 = Release|Win32
	EndGlobalSection
	GlobalSection(SolutionProperties) = preSolution
		HideSolutionNode = FALSE
	EndGlobalSection
	GlobalSection(ExtensibilityGlobals) = postSolution
		SolutionGuid = {A35299C0-433A-46E9-9541-0DD4B348274A}
	EndGlobalSection
EndGlobal
