
Microsoft Visual Studio Solution File, Format Version 12.00
# Visual Studio 15
VisualStudioVersion = 15.0.26730.3
MinimumVisualStudioVersion = 10.0.40219.1
Project("{8BC9CEB8-8B4A-11D0-8D11-00A0C91BC942}") = "auto", "auto\auto.vcxproj", "{A151C9B8-D40B-42CC-B87B-870A6993BFA6}"
EndProject
Project("{8BC9CEB8-8B4A-11D0-8D11-00A0C91BC942}") = "decltype", "decltype\decltype.vcxproj", "{D0C06472-8913-42E5-83EF-E862BC51173B}"
EndProject
Project("{8BC9CEB8-8B4A-11D0-8D11-00A0C91BC942}") = "range-based for", "range-based for\range-based for.vcxproj", "{422C565A-6E87-43E6-B13C-0C7C6C2F87DE}"
EndProject
Project("{8BC9CEB8-8B4A-11D0-8D11-00A0C91BC942}") = "initializer lists", "initializer lists\initializer lists.vcxproj", "{323393D6-927E-4553-8D74-A2CD9903587E}"
EndProject
Project("{8BC9CEB8-8B4A-11D0-8D11-00A0C91BC942}") = "uniform initialization", "uniform initialization\uniform initialization.vcxproj", "{027A1814-8EEB-4D33-9A59-4BF97F955D2D}"
EndProject
Project("{8BC9CEB8-8B4A-11D0-8D11-00A0C91BC942}") = "move semantics", "move semantics\move semantics.vcxproj", "{06313AC1-2134-4F7E-95F4-1820F567BD0E}"
EndProject
Project("{8BC9CEB8-8B4A-11D0-8D11-00A0C91BC942}") = "lambda expressions", "lambda expressions\lambda expressions.vcxproj", "{6AAB2579-FB42-46FD-8568-6E63AF470D35}"
EndProject
Project("{8BC9CEB8-8B4A-11D0-8D11-00A0C91BC942}") = "noexcept", "noexcept\noexcept.vcxproj", "{91E6996E-6B27-41AD-BB3E-EC04280B6BA2}"
EndProject
Project("{8BC9CEB8-8B4A-11D0-8D11-00A0C91BC942}") = "constexpr", "constexpr\constexpr.vcxproj", "{30314AC3-2A10-415A-81EA-43107800C818}"
EndProject
Project("{8BC9CEB8-8B4A-11D0-8D11-00A0C91BC942}") = "nullptr", "nullptr\nullptr.vcxproj", "{16ED5368-DE73-41A3-8B90-605AFCDFA573}"
EndProject
Project("{8BC9CEB8-8B4A-11D0-8D11-00A0C91BC942}") = "inline namespace", "inline namespace\inline namespace.vcxproj", "{8625878A-F8AA-4774-9BFF-D81DC62FC93F}"
EndProject
Project("{8BC9CEB8-8B4A-11D0-8D11-00A0C91BC942}") = "User-defined literals", "User-defined literals\User-defined literals.vcxproj", "{C709CFB0-16E5-405C-9B7F-4522CF44E6C3}"
EndProject
Project("{8BC9CEB8-8B4A-11D0-8D11-00A0C91BC942}") = "default delete keywords", "default delete keywords\default delete keywords.vcxproj", "{E8401355-B7E1-4D8C-88BB-E96F6A113CC8}"
EndProject
Global
	GlobalSection(SolutionConfigurationPlatforms) = preSolution
		Debug|x64 = Debug|x64
		Debug|x86 = Debug|x86
		Release|x64 = Release|x64
		Release|x86 = Release|x86
	EndGlobalSection
	GlobalSection(ProjectConfigurationPlatforms) = postSolution
		{A151C9B8-D40B-42CC-B87B-870A6993BFA6}.Debug|x64.ActiveCfg = Debug|x64
		{A151C9B8-D40B-42CC-B87B-870A6993BFA6}.Debug|x64.Build.0 = Debug|x64
		{A151C9B8-D40B-42CC-B87B-870A6993BFA6}.Debug|x86.ActiveCfg = Debug|Win32
		{A151C9B8-D40B-42CC-B87B-870A6993BFA6}.Debug|x86.Build.0 = Debug|Win32
		{A151C9B8-D40B-42CC-B87B-870A6993BFA6}.Release|x64.ActiveCfg = Release|x64
		{A151C9B8-D40B-42CC-B87B-870A6993BFA6}.Release|x64.Build.0 = Release|x64
		{A151C9B8-D40B-42CC-B87B-870A6993BFA6}.Release|x86.ActiveCfg = Release|Win32
		{A151C9B8-D40B-42CC-B87B-870A6993BFA6}.Release|x86.Build.0 = Release|Win32
		{D0C06472-8913-42E5-83EF-E862BC51173B}.Debug|x64.ActiveCfg = Debug|x64
		{D0C06472-8913-42E5-83EF-E862BC51173B}.Debug|x64.Build.0 = Debug|x64
		{D0C06472-8913-42E5-83EF-E862BC51173B}.Debug|x86.ActiveCfg = Debug|Win32
		{D0C06472-8913-42E5-83EF-E862BC51173B}.Debug|x86.Build.0 = Debug|Win32
		{D0C06472-8913-42E5-83EF-E862BC51173B}.Release|x64.ActiveCfg = Release|x64
		{D0C06472-8913-42E5-83EF-E862BC51173B}.Release|x64.Build.0 = Release|x64
		{D0C06472-8913-42E5-83EF-E862BC51173B}.Release|x86.ActiveCfg = Release|Win32
		{D0C06472-8913-42E5-83EF-E862BC51173B}.Release|x86.Build.0 = Release|Win32
		{422C565A-6E87-43E6-B13C-0C7C6C2F87DE}.Debug|x64.ActiveCfg = Debug|x64
		{422C565A-6E87-43E6-B13C-0C7C6C2F87DE}.Debug|x64.Build.0 = Debug|x64
		{422C565A-6E87-43E6-B13C-0C7C6C2F87DE}.Debug|x86.ActiveCfg = Debug|Win32
		{422C565A-6E87-43E6-B13C-0C7C6C2F87DE}.Debug|x86.Build.0 = Debug|Win32
		{422C565A-6E87-43E6-B13C-0C7C6C2F87DE}.Release|x64.ActiveCfg = Release|x64
		{422C565A-6E87-43E6-B13C-0C7C6C2F87DE}.Release|x64.Build.0 = Release|x64
		{422C565A-6E87-43E6-B13C-0C7C6C2F87DE}.Release|x86.ActiveCfg = Release|Win32
		{422C565A-6E87-43E6-B13C-0C7C6C2F87DE}.Release|x86.Build.0 = Release|Win32
		{323393D6-927E-4553-8D74-A2CD9903587E}.Debug|x64.ActiveCfg = Debug|x64
		{323393D6-927E-4553-8D74-A2CD9903587E}.Debug|x64.Build.0 = Debug|x64
		{323393D6-927E-4553-8D74-A2CD9903587E}.Debug|x86.ActiveCfg = Debug|Win32
		{323393D6-927E-4553-8D74-A2CD9903587E}.Debug|x86.Build.0 = Debug|Win32
		{323393D6-927E-4553-8D74-A2CD9903587E}.Release|x64.ActiveCfg = Release|x64
		{323393D6-927E-4553-8D74-A2CD9903587E}.Release|x64.Build.0 = Release|x64
		{323393D6-927E-4553-8D74-A2CD9903587E}.Release|x86.ActiveCfg = Release|Win32
		{323393D6-927E-4553-8D74-A2CD9903587E}.Release|x86.Build.0 = Release|Win32
		{027A1814-8EEB-4D33-9A59-4BF97F955D2D}.Debug|x64.ActiveCfg = Debug|x64
		{027A1814-8EEB-4D33-9A59-4BF97F955D2D}.Debug|x64.Build.0 = Debug|x64
		{027A1814-8EEB-4D33-9A59-4BF97F955D2D}.Debug|x86.ActiveCfg = Debug|Win32
		{027A1814-8EEB-4D33-9A59-4BF97F955D2D}.Debug|x86.Build.0 = Debug|Win32
		{027A1814-8EEB-4D33-9A59-4BF97F955D2D}.Release|x64.ActiveCfg = Release|x64
		{027A1814-8EEB-4D33-9A59-4BF97F955D2D}.Release|x64.Build.0 = Release|x64
		{027A1814-8EEB-4D33-9A59-4BF97F955D2D}.Release|x86.ActiveCfg = Release|Win32
		{027A1814-8EEB-4D33-9A59-4BF97F955D2D}.Release|x86.Build.0 = Release|Win32
		{06313AC1-2134-4F7E-95F4-1820F567BD0E}.Debug|x64.ActiveCfg = Debug|x64
		{06313AC1-2134-4F7E-95F4-1820F567BD0E}.Debug|x64.Build.0 = Debug|x64
		{06313AC1-2134-4F7E-95F4-1820F567BD0E}.Debug|x86.ActiveCfg = Debug|Win32
		{06313AC1-2134-4F7E-95F4-1820F567BD0E}.Debug|x86.Build.0 = Debug|Win32
		{06313AC1-2134-4F7E-95F4-1820F567BD0E}.Release|x64.ActiveCfg = Release|x64
		{06313AC1-2134-4F7E-95F4-1820F567BD0E}.Release|x64.Build.0 = Release|x64
		{06313AC1-2134-4F7E-95F4-1820F567BD0E}.Release|x86.ActiveCfg = Release|Win32
		{06313AC1-2134-4F7E-95F4-1820F567BD0E}.Release|x86.Build.0 = Release|Win32
		{6AAB2579-FB42-46FD-8568-6E63AF470D35}.Debug|x64.ActiveCfg = Debug|x64
		{6AAB2579-FB42-46FD-8568-6E63AF470D35}.Debug|x64.Build.0 = Debug|x64
		{6AAB2579-FB42-46FD-8568-6E63AF470D35}.Debug|x86.ActiveCfg = Debug|Win32
		{6AAB2579-FB42-46FD-8568-6E63AF470D35}.Debug|x86.Build.0 = Debug|Win32
		{6AAB2579-FB42-46FD-8568-6E63AF470D35}.Release|x64.ActiveCfg = Release|x64
		{6AAB2579-FB42-46FD-8568-6E63AF470D35}.Release|x64.Build.0 = Release|x64
		{6AAB2579-FB42-46FD-8568-6E63AF470D35}.Release|x86.ActiveCfg = Release|Win32
		{6AAB2579-FB42-46FD-8568-6E63AF470D35}.Release|x86.Build.0 = Release|Win32
		{91E6996E-6B27-41AD-BB3E-EC04280B6BA2}.Debug|x64.ActiveCfg = Debug|x64
		{91E6996E-6B27-41AD-BB3E-EC04280B6BA2}.Debug|x64.Build.0 = Debug|x64
		{91E6996E-6B27-41AD-BB3E-EC04280B6BA2}.Debug|x86.ActiveCfg = Debug|Win32
		{91E6996E-6B27-41AD-BB3E-EC04280B6BA2}.Debug|x86.Build.0 = Debug|Win32
		{91E6996E-6B27-41AD-BB3E-EC04280B6BA2}.Release|x64.ActiveCfg = Release|x64
		{91E6996E-6B27-41AD-BB3E-EC04280B6BA2}.Release|x64.Build.0 = Release|x64
		{91E6996E-6B27-41AD-BB3E-EC04280B6BA2}.Release|x86.ActiveCfg = Release|Win32
		{91E6996E-6B27-41AD-BB3E-EC04280B6BA2}.Release|x86.Build.0 = Release|Win32
		{30314AC3-2A10-415A-81EA-43107800C818}.Debug|x64.ActiveCfg = Debug|x64
		{30314AC3-2A10-415A-81EA-43107800C818}.Debug|x64.Build.0 = Debug|x64
		{30314AC3-2A10-415A-81EA-43107800C818}.Debug|x86.ActiveCfg = Debug|Win32
		{30314AC3-2A10-415A-81EA-43107800C818}.Debug|x86.Build.0 = Debug|Win32
		{30314AC3-2A10-415A-81EA-43107800C818}.Release|x64.ActiveCfg = Release|x64
		{30314AC3-2A10-415A-81EA-43107800C818}.Release|x64.Build.0 = Release|x64
		{30314AC3-2A10-415A-81EA-43107800C818}.Release|x86.ActiveCfg = Release|Win32
		{30314AC3-2A10-415A-81EA-43107800C818}.Release|x86.Build.0 = Release|Win32
		{16ED5368-DE73-41A3-8B90-605AFCDFA573}.Debug|x64.ActiveCfg = Debug|x64
		{16ED5368-DE73-41A3-8B90-605AFCDFA573}.Debug|x64.Build.0 = Debug|x64
		{16ED5368-DE73-41A3-8B90-605AFCDFA573}.Debug|x86.ActiveCfg = Debug|Win32
		{16ED5368-DE73-41A3-8B90-605AFCDFA573}.Debug|x86.Build.0 = Debug|Win32
		{16ED5368-DE73-41A3-8B90-605AFCDFA573}.Release|x64.ActiveCfg = Release|x64
		{16ED5368-DE73-41A3-8B90-605AFCDFA573}.Release|x64.Build.0 = Release|x64
		{16ED5368-DE73-41A3-8B90-605AFCDFA573}.Release|x86.ActiveCfg = Release|Win32
		{16ED5368-DE73-41A3-8B90-605AFCDFA573}.Release|x86.Build.0 = Release|Win32
		{8625878A-F8AA-4774-9BFF-D81DC62FC93F}.Debug|x64.ActiveCfg = Debug|x64
		{8625878A-F8AA-4774-9BFF-D81DC62FC93F}.Debug|x64.Build.0 = Debug|x64
		{8625878A-F8AA-4774-9BFF-D81DC62FC93F}.Debug|x86.ActiveCfg = Debug|Win32
		{8625878A-F8AA-4774-9BFF-D81DC62FC93F}.Debug|x86.Build.0 = Debug|Win32
		{8625878A-F8AA-4774-9BFF-D81DC62FC93F}.Release|x64.ActiveCfg = Release|x64
		{8625878A-F8AA-4774-9BFF-D81DC62FC93F}.Release|x64.Build.0 = Release|x64
		{8625878A-F8AA-4774-9BFF-D81DC62FC93F}.Release|x86.ActiveCfg = Release|Win32
		{8625878A-F8AA-4774-9BFF-D81DC62FC93F}.Release|x86.Build.0 = Release|Win32
		{C709CFB0-16E5-405C-9B7F-4522CF44E6C3}.Debug|x64.ActiveCfg = Debug|x64
		{C709CFB0-16E5-405C-9B7F-4522CF44E6C3}.Debug|x64.Build.0 = Debug|x64
		{C709CFB0-16E5-405C-9B7F-4522CF44E6C3}.Debug|x86.ActiveCfg = Debug|Win32
		{C709CFB0-16E5-405C-9B7F-4522CF44E6C3}.Debug|x86.Build.0 = Debug|Win32
		{C709CFB0-16E5-405C-9B7F-4522CF44E6C3}.Release|x64.ActiveCfg = Release|x64
		{C709CFB0-16E5-405C-9B7F-4522CF44E6C3}.Release|x64.Build.0 = Release|x64
		{C709CFB0-16E5-405C-9B7F-4522CF44E6C3}.Release|x86.ActiveCfg = Release|Win32
		{C709CFB0-16E5-405C-9B7F-4522CF44E6C3}.Release|x86.Build.0 = Release|Win32
		{E8401355-B7E1-4D8C-88BB-E96F6A113CC8}.Debug|x64.ActiveCfg = Debug|x64
		{E8401355-B7E1-4D8C-88BB-E96F6A113CC8}.Debug|x64.Build.0 = Debug|x64
		{E8401355-B7E1-4D8C-88BB-E96F6A113CC8}.Debug|x86.ActiveCfg = Debug|Win32
		{E8401355-B7E1-4D8C-88BB-E96F6A113CC8}.Debug|x86.Build.0 = Debug|Win32
		{E8401355-B7E1-4D8C-88BB-E96F6A113CC8}.Release|x64.ActiveCfg = Release|x64
		{E8401355-B7E1-4D8C-88BB-E96F6A113CC8}.Release|x64.Build.0 = Release|x64
		{E8401355-B7E1-4D8C-88BB-E96F6A113CC8}.Release|x86.ActiveCfg = Release|Win32
		{E8401355-B7E1-4D8C-88BB-E96F6A113CC8}.Release|x86.Build.0 = Release|Win32
	EndGlobalSection
	GlobalSection(SolutionProperties) = preSolution
		HideSolutionNode = FALSE
	EndGlobalSection
	GlobalSection(ExtensibilityGlobals) = postSolution
		SolutionGuid = {A35299C0-433A-46E9-9541-0DD4B348274A}
	EndGlobalSection
EndGlobal
